// !$*UTF8*$!
{
	archiveVersion = 1;
	classes = {
	};
	objectVersion = 56;
	objects = {

/* Begin PBXBuildFile section */
		4D0E6DFE2C184AB000E1DA0B /* CoreNetworkService.swift in Sources */ = {isa = PBXBuildFile; fileRef = 4D0E6DFD2C184AB000E1DA0B /* CoreNetworkService.swift */; };
		4D0E6E012C18786D00E1DA0B /* CharacterDetailsViewState.swift in Sources */ = {isa = PBXBuildFile; fileRef = 4D0E6E002C18786D00E1DA0B /* CharacterDetailsViewState.swift */; };
		4D0E6E0A2C187E8600E1DA0B /* MockEpisodesService.swift in Sources */ = {isa = PBXBuildFile; fileRef = 4D0E6E092C187E8600E1DA0B /* MockEpisodesService.swift */; };
		4D0E6E0F2C187FD000E1DA0B /* episode.json in Resources */ = {isa = PBXBuildFile; fileRef = 4D0E6E0E2C187FD000E1DA0B /* episode.json */; };
		4D2790612C2DA18A00408B29 /* Memento.swift in Sources */ = {isa = PBXBuildFile; fileRef = 4D2790602C2DA18A00408B29 /* Memento.swift */; };
		4D2790632C2DA1E100408B29 /* Originator.swift in Sources */ = {isa = PBXBuildFile; fileRef = 4D2790622C2DA1E100408B29 /* Originator.swift */; };
		4D2790652C2DA22200408B29 /* Caretaker.swift in Sources */ = {isa = PBXBuildFile; fileRef = 4D2790642C2DA22200408B29 /* Caretaker.swift */; };
		4D282C592C2DA7DD003A2EAB /* SearchView.swift in Sources */ = {isa = PBXBuildFile; fileRef = 4D282C582C2DA7DD003A2EAB /* SearchView.swift */; };
		4D3D1D992C11CE0D004A32E0 /* CardInfo.swift in Sources */ = {isa = PBXBuildFile; fileRef = 4D3D1D982C11CE0D004A32E0 /* CardInfo.swift */; };
		4D3D1D9B2C11E2ED004A32E0 /* MockPaymentProcessor.swift in Sources */ = {isa = PBXBuildFile; fileRef = 4D3D1D9A2C11E2ED004A32E0 /* MockPaymentProcessor.swift */; };
		4D44F5592C1970F60028103F /* CharacterListViewState.swift in Sources */ = {isa = PBXBuildFile; fileRef = 4D44F5582C1970F60028103F /* CharacterListViewState.swift */; };
		4D4D705E2C04720F00BE2A59 /* EpisodesView.swift in Sources */ = {isa = PBXBuildFile; fileRef = 4D4D705D2C04720F00BE2A59 /* EpisodesView.swift */; };
		4D4D70602C04733F00BE2A59 /* Episode.swift in Sources */ = {isa = PBXBuildFile; fileRef = 4D4D705F2C04733F00BE2A59 /* Episode.swift */; };
		4D4D70632C04736B00BE2A59 /* Location.swift in Sources */ = {isa = PBXBuildFile; fileRef = 4D4D70622C04736B00BE2A59 /* Location.swift */; };
		4D4D70652C04739600BE2A59 /* CharacterGender.swift in Sources */ = {isa = PBXBuildFile; fileRef = 4D4D70642C04739600BE2A59 /* CharacterGender.swift */; };
		4D4D70672C0473F600BE2A59 /* EpisodeService.swift in Sources */ = {isa = PBXBuildFile; fileRef = 4D4D70662C0473F600BE2A59 /* EpisodeService.swift */; };
		4D4D706A2C048E0800BE2A59 /* EpisodeHelper.swift in Sources */ = {isa = PBXBuildFile; fileRef = 4D4D70692C048E0800BE2A59 /* EpisodeHelper.swift */; };
		4D4D706D2C04AF3B00BE2A59 /* AnimatedTextView.swift in Sources */ = {isa = PBXBuildFile; fileRef = 4D4D706C2C04AF3B00BE2A59 /* AnimatedTextView.swift */; };
		4D68482F2C1C4E5600378EE2 /* APIRequest.swift in Sources */ = {isa = PBXBuildFile; fileRef = 4D68482E2C1C4E5600378EE2 /* APIRequest.swift */; };
		4D6848312C1C523000378EE2 /* APIRequestBuilder.swift in Sources */ = {isa = PBXBuildFile; fileRef = 4D6848302C1C523000378EE2 /* APIRequestBuilder.swift */; };
		4D6848352C1C5DFD00378EE2 /* HttpMethod.swift in Sources */ = {isa = PBXBuildFile; fileRef = 4D6848342C1C5DFD00378EE2 /* HttpMethod.swift */; };
		4D68483C2C1C609400378EE2 /* APIRequestBuilderImpl.swift in Sources */ = {isa = PBXBuildFile; fileRef = 4D68483B2C1C609400378EE2 /* APIRequestBuilderImpl.swift */; };
		4D68483F2C1C6F4F00378EE2 /* StoreEndpoint.swift in Sources */ = {isa = PBXBuildFile; fileRef = 4D68483E2C1C6F4F00378EE2 /* StoreEndpoint.swift */; };
		4D6848422C1C718600378EE2 /* Product.swift in Sources */ = {isa = PBXBuildFile; fileRef = 4D6848412C1C718600378EE2 /* Product.swift */; };
		4D6848442C1C71AF00378EE2 /* ProductService.swift in Sources */ = {isa = PBXBuildFile; fileRef = 4D6848432C1C71AF00378EE2 /* ProductService.swift */; };
		4D6848472C1C78A200378EE2 /* StoreView.swift in Sources */ = {isa = PBXBuildFile; fileRef = 4D6848462C1C78A200378EE2 /* StoreView.swift */; };
		4D6C793B2BFF35D40059BE83 /* SubheadlineView.swift in Sources */ = {isa = PBXBuildFile; fileRef = 4D6C793A2BFF35D40059BE83 /* SubheadlineView.swift */; };
		4D6C793D2BFF36370059BE83 /* PlaygroundRowView.swift in Sources */ = {isa = PBXBuildFile; fileRef = 4D6C793C2BFF36370059BE83 /* PlaygroundRowView.swift */; };
		4D6C793F2BFF43500059BE83 /* AnimatedClockView.swift in Sources */ = {isa = PBXBuildFile; fileRef = 4D6C793E2BFF43500059BE83 /* AnimatedClockView.swift */; };
		4D6C79412BFF5C110059BE83 /* AnimationClockViewModel.swift in Sources */ = {isa = PBXBuildFile; fileRef = 4D6C79402BFF5C110059BE83 /* AnimationClockViewModel.swift */; };
		4D6C79442C0065DF0059BE83 /* Color+.swift in Sources */ = {isa = PBXBuildFile; fileRef = 4D6C79432C0065DF0059BE83 /* Color+.swift */; };
		4D6C79462C0066130059BE83 /* View+.swift in Sources */ = {isa = PBXBuildFile; fileRef = 4D6C79452C0066130059BE83 /* View+.swift */; };
		4D6FE0F22C05B3F7005BC361 /* ExtraLargeCharacterDetailView.swift in Sources */ = {isa = PBXBuildFile; fileRef = 4D6FE0F12C05B3F7005BC361 /* ExtraLargeCharacterDetailView.swift */; };
		4D6FE0F42C05B427005BC361 /* MediumCharacterDetailView.swift in Sources */ = {isa = PBXBuildFile; fileRef = 4D6FE0F32C05B427005BC361 /* MediumCharacterDetailView.swift */; };
		4D6FE0F62C05B4ED005BC361 /* ProfileRowView.swift in Sources */ = {isa = PBXBuildFile; fileRef = 4D6FE0F52C05B4ED005BC361 /* ProfileRowView.swift */; };
		4D6FE0F82C05B56E005BC361 /* ProfileTitleRowView.swift in Sources */ = {isa = PBXBuildFile; fileRef = 4D6FE0F72C05B56E005BC361 /* ProfileTitleRowView.swift */; };
		4D6FE0FA2C05C0F0005BC361 /* ConstantSizeCategory.swift in Sources */ = {isa = PBXBuildFile; fileRef = 4D6FE0F92C05C0F0005BC361 /* ConstantSizeCategory.swift */; };
		4D7057892C104158009E6A35 /* MockCharacterDetailService.swift in Sources */ = {isa = PBXBuildFile; fileRef = 4D7057882C104158009E6A35 /* MockCharacterDetailService.swift */; };
		4D7057932C10605E009E6A35 /* MockDataProvider.swift in Sources */ = {isa = PBXBuildFile; fileRef = 4D7057922C10605E009E6A35 /* MockDataProvider.swift */; };
		4D78B2072BFC747A00BD56B0 /* RefreshableContentView.swift in Sources */ = {isa = PBXBuildFile; fileRef = 4D78B2062BFC747A00BD56B0 /* RefreshableContentView.swift */; };
		4D78B2092BFC75AA00BD56B0 /* ShowMorelndicatorView.swift in Sources */ = {isa = PBXBuildFile; fileRef = 4D78B2082BFC75AA00BD56B0 /* ShowMorelndicatorView.swift */; };
		4D78B20B2BFC7CB100BD56B0 /* LoadingAnimationView.swift in Sources */ = {isa = PBXBuildFile; fileRef = 4D78B20A2BFC7CB100BD56B0 /* LoadingAnimationView.swift */; };
		4D78B20D2BFC9BF500BD56B0 /* CharacterStatus.swift in Sources */ = {isa = PBXBuildFile; fileRef = 4D78B20C2BFC9BF500BD56B0 /* CharacterStatus.swift */; };
		4D78B20F2BFCB30600BD56B0 /* SearchTextfield.swift in Sources */ = {isa = PBXBuildFile; fileRef = 4D78B20E2BFCB30600BD56B0 /* SearchTextfield.swift */; };
		4D7DA6362BFDD4AE007948BF /* TitlePlaygroundView.swift in Sources */ = {isa = PBXBuildFile; fileRef = 4D7DA6352BFDD4AE007948BF /* TitlePlaygroundView.swift */; };
		4D7DA6382BFDD4D2007948BF /* TitlePlaygroundViewModel.swift in Sources */ = {isa = PBXBuildFile; fileRef = 4D7DA6372BFDD4D2007948BF /* TitlePlaygroundViewModel.swift */; };
		4D7DA63B2BFDD506007948BF /* Person.swift in Sources */ = {isa = PBXBuildFile; fileRef = 4D7DA63A2BFDD506007948BF /* Person.swift */; };
		4D7DA63D2BFDE232007948BF /* ApplicationManager.swift in Sources */ = {isa = PBXBuildFile; fileRef = 4D7DA63C2BFDE232007948BF /* ApplicationManager.swift */; };
		4D7DA63F2BFDE2F6007948BF /* CharacterDetailView.swift in Sources */ = {isa = PBXBuildFile; fileRef = 4D7DA63E2BFDE2F6007948BF /* CharacterDetailView.swift */; };
		4D7DA6452BFDE797007948BF /* CharacterDetailService.swift in Sources */ = {isa = PBXBuildFile; fileRef = 4D7DA6442BFDE797007948BF /* CharacterDetailService.swift */; };
		4D7DA6482BFE0035007948BF /* EnvironmentVales+.swift in Sources */ = {isa = PBXBuildFile; fileRef = 4D7DA6472BFE0035007948BF /* EnvironmentVales+.swift */; };
		4D802E792C073F7E00B3F919 /* CharacterFilterCriteria.swift in Sources */ = {isa = PBXBuildFile; fileRef = 4D802E782C073F7E00B3F919 /* CharacterFilterCriteria.swift */; };
		4D802E7C2C07436700B3F919 /* CharacterHelper.swift in Sources */ = {isa = PBXBuildFile; fileRef = 4D802E7B2C07436700B3F919 /* CharacterHelper.swift */; };
		4D8C57F62C2D362C00500036 /* ShippingModel.swift in Sources */ = {isa = PBXBuildFile; fileRef = 4D8C57F52C2D362C00500036 /* ShippingModel.swift */; };
		4D8C57FC2C2D382500500036 /* ConfirmHandler.swift in Sources */ = {isa = PBXBuildFile; fileRef = 4D8C57FB2C2D382500500036 /* ConfirmHandler.swift */; };
		4D90DDF42BFB460D004E40A2 /* BenchtimeApp.swift in Sources */ = {isa = PBXBuildFile; fileRef = 4D90DDF32BFB460D004E40A2 /* BenchtimeApp.swift */; };
		4D90DDFA2BFB460F004E40A2 /* Assets.xcassets in Resources */ = {isa = PBXBuildFile; fileRef = 4D90DDF92BFB460F004E40A2 /* Assets.xcassets */; };
		4D90DDFD2BFB460F004E40A2 /* Preview Assets.xcassets in Resources */ = {isa = PBXBuildFile; fileRef = 4D90DDFC2BFB460F004E40A2 /* Preview Assets.xcassets */; };
		4D90DE232BFB537A004E40A2 /* MainView.swift in Sources */ = {isa = PBXBuildFile; fileRef = 4D90DE222BFB537A004E40A2 /* MainView.swift */; };
		4D90DE282BFB540B004E40A2 /* RickAndMortyEndpoints.swift in Sources */ = {isa = PBXBuildFile; fileRef = 4D90DE272BFB540B004E40A2 /* RickAndMortyEndpoints.swift */; };
		4D90DE2B2BFB572F004E40A2 /* CharacterResponse.swift in Sources */ = {isa = PBXBuildFile; fileRef = 4D90DE2A2BFB572F004E40A2 /* CharacterResponse.swift */; };
		4D90DE2D2BFB582A004E40A2 /* CharacterService.swift in Sources */ = {isa = PBXBuildFile; fileRef = 4D90DE2C2BFB582A004E40A2 /* CharacterService.swift */; };
		4D90DE2F2BFB5D07004E40A2 /* CharacterListView.swift in Sources */ = {isa = PBXBuildFile; fileRef = 4D90DE2E2BFB5D07004E40A2 /* CharacterListView.swift */; };
		4D90DE312BFB5D18004E40A2 /* Debouncer.swift in Sources */ = {isa = PBXBuildFile; fileRef = 4D90DE302BFB5D17004E40A2 /* Debouncer.swift */; };
		4D90DE342BFB5E7F004E40A2 /* Resolver in Frameworks */ = {isa = PBXBuildFile; productRef = 4D90DE332BFB5E7F004E40A2 /* Resolver */; };
		4D90DE372BFB66DA004E40A2 /* Resolver+Services.swift in Sources */ = {isa = PBXBuildFile; fileRef = 4D90DE362BFB66DA004E40A2 /* Resolver+Services.swift */; };
		4D90DE3A2BFB6EFE004E40A2 /* RemoteImageView.swift in Sources */ = {isa = PBXBuildFile; fileRef = 4D90DE392BFB6EFE004E40A2 /* RemoteImageView.swift */; };
		4D90DE3C2BFB7343004E40A2 /* HeaderView.swift in Sources */ = {isa = PBXBuildFile; fileRef = 4D90DE3B2BFB7343004E40A2 /* HeaderView.swift */; };
		4D90DE3F2BFB7379004E40A2 /* ThemeStyle.swift in Sources */ = {isa = PBXBuildFile; fileRef = 4D90DE3E2BFB7379004E40A2 /* ThemeStyle.swift */; };
		4D9AA8A42C2C4AC10035DC2E /* ImageProcessModel.swift in Sources */ = {isa = PBXBuildFile; fileRef = 4D9AA8A32C2C4AC10035DC2E /* ImageProcessModel.swift */; };
		4DA078E42C2D9451001D7F72 /* Command.swift in Sources */ = {isa = PBXBuildFile; fileRef = 4DA078E32C2D9451001D7F72 /* Command.swift */; };
		4DA078E62C2D9481001D7F72 /* Portfolio.swift in Sources */ = {isa = PBXBuildFile; fileRef = 4DA078E52C2D9481001D7F72 /* Portfolio.swift */; };
		4DA078E82C2D9497001D7F72 /* Stock.swift in Sources */ = {isa = PBXBuildFile; fileRef = 4DA078E72C2D9497001D7F72 /* Stock.swift */; };
		4DA078EA2C2D9523001D7F72 /* BuyStockCommand.swift in Sources */ = {isa = PBXBuildFile; fileRef = 4DA078E92C2D9523001D7F72 /* BuyStockCommand.swift */; };
		4DA078EC2C2D957D001D7F72 /* SellStockCommand.swift in Sources */ = {isa = PBXBuildFile; fileRef = 4DA078EB2C2D957D001D7F72 /* SellStockCommand.swift */; };
		4DA078EE2C2D95A2001D7F72 /* CommandInvoker.swift in Sources */ = {isa = PBXBuildFile; fileRef = 4DA078ED2C2D95A2001D7F72 /* CommandInvoker.swift */; };
		4DB90EDC2C2950B700B3977C /* AddProductView.swift in Sources */ = {isa = PBXBuildFile; fileRef = 4DB90EDB2C2950B700B3977C /* AddProductView.swift */; };
		4DB90EDE2C29579C00B3977C /* ProductViewState.swift in Sources */ = {isa = PBXBuildFile; fileRef = 4DB90EDD2C29579C00B3977C /* ProductViewState.swift */; };
		4DB90EE02C29593200B3977C /* SliderView.swift in Sources */ = {isa = PBXBuildFile; fileRef = 4DB90EDF2C29593200B3977C /* SliderView.swift */; };
		4DB90EE22C295A5600B3977C /* Constants.swift in Sources */ = {isa = PBXBuildFile; fileRef = 4DB90EE12C295A5600B3977C /* Constants.swift */; };
		4DB90EE42C295B6C00B3977C /* CustomButton.swift in Sources */ = {isa = PBXBuildFile; fileRef = 4DB90EE32C295B6C00B3977C /* CustomButton.swift */; };
		4DB90EE62C29613300B3977C /* ProductRequest.swift in Sources */ = {isa = PBXBuildFile; fileRef = 4DB90EE52C29613300B3977C /* ProductRequest.swift */; };
		4DB90EEA2C296F8000B3977C /* UpdateProductsService.swift in Sources */ = {isa = PBXBuildFile; fileRef = 4DB90EE92C296F8000B3977C /* UpdateProductsService.swift */; };
		4DB90EEC2C29703600B3977C /* ProductResponse.swift in Sources */ = {isa = PBXBuildFile; fileRef = 4DB90EEB2C29703600B3977C /* ProductResponse.swift */; };
		4DB90EEF2C29AA0A00B3977C /* NumericTextFieldBuilder.swift in Sources */ = {isa = PBXBuildFile; fileRef = 4DB90EEE2C29AA0A00B3977C /* NumericTextFieldBuilder.swift */; };
		4DB90EF12C29AA3300B3977C /* SecureTextFieldBuilder.swift in Sources */ = {isa = PBXBuildFile; fileRef = 4DB90EF02C29AA3300B3977C /* SecureTextFieldBuilder.swift */; };
		4DB90EF32C29AA6600B3977C /* PlainTextFieldBuilder.swift in Sources */ = {isa = PBXBuildFile; fileRef = 4DB90EF22C29AA6600B3977C /* PlainTextFieldBuilder.swift */; };
		4DB90EF72C29AABE00B3977C /* ImageButtonBuilder.swift in Sources */ = {isa = PBXBuildFile; fileRef = 4DB90EF62C29AABE00B3977C /* ImageButtonBuilder.swift */; };
		4DB90EF92C29AAF300B3977C /* CustomButtonBuilder.swift in Sources */ = {isa = PBXBuildFile; fileRef = 4DB90EF82C29AAF300B3977C /* CustomButtonBuilder.swift */; };
		4DB90EFC2C29AB8300B3977C /* FacetedBuilderView.swift in Sources */ = {isa = PBXBuildFile; fileRef = 4DB90EFB2C29AB8300B3977C /* FacetedBuilderView.swift */; };
		4DB90EFE2C2A9FB500B3977C /* PillField.swift in Sources */ = {isa = PBXBuildFile; fileRef = 4DB90EFD2C2A9FB500B3977C /* PillField.swift */; };
		4DB90F002C2AA23B00B3977C /* PillFieldBuilder.swift in Sources */ = {isa = PBXBuildFile; fileRef = 4DB90EFF2C2AA23B00B3977C /* PillFieldBuilder.swift */; };
		4DB90F022C2AA2A700B3977C /* PillFieldType.swift in Sources */ = {isa = PBXBuildFile; fileRef = 4DB90F012C2AA2A700B3977C /* PillFieldType.swift */; };
		4DB90F052C2AA37900B3977C /* Route.swift in Sources */ = {isa = PBXBuildFile; fileRef = 4DB90F042C2AA37900B3977C /* Route.swift */; };
		4DB90F082C2AA97900B3977C /* ValidatingPillField.swift in Sources */ = {isa = PBXBuildFile; fileRef = 4DB90F072C2AA97900B3977C /* ValidatingPillField.swift */; };
		4DB90F0A2C2AAAD300B3977C /* RegexValidator+.swift in Sources */ = {isa = PBXBuildFile; fileRef = 4DB90F092C2AAAD300B3977C /* RegexValidator+.swift */; };
		4DB90F0D2C2ADC5400B3977C /* ValidatingPillFieldBuilder.swift in Sources */ = {isa = PBXBuildFile; fileRef = 4DB90F0C2C2ADC5400B3977C /* ValidatingPillFieldBuilder.swift */; };
		4DB90F0F2C2ADE0900B3977C /* SubmissionValidatedPillField.swift in Sources */ = {isa = PBXBuildFile; fileRef = 4DB90F0E2C2ADE0900B3977C /* SubmissionValidatedPillField.swift */; };
		4DB90F122C2ADE7400B3977C /* FieldValidator.swift in Sources */ = {isa = PBXBuildFile; fileRef = 4DB90F112C2ADE7400B3977C /* FieldValidator.swift */; };
		4DB90F172C2C027F00B3977C /* OrderModel.swift in Sources */ = {isa = PBXBuildFile; fileRef = 4DB90F162C2C027F00B3977C /* OrderModel.swift */; };
		4DB90F192C2C02E700B3977C /* CheckInventoryHandler.swift in Sources */ = {isa = PBXBuildFile; fileRef = 4DB90F182C2C02E700B3977C /* CheckInventoryHandler.swift */; };
		4DB90F1B2C2C02FA00B3977C /* HandlerProtocol.swift in Sources */ = {isa = PBXBuildFile; fileRef = 4DB90F1A2C2C02FA00B3977C /* HandlerProtocol.swift */; };
		4DB90F1D2C2C035A00B3977C /* PaymentHandler.swift in Sources */ = {isa = PBXBuildFile; fileRef = 4DB90F1C2C2C035A00B3977C /* PaymentHandler.swift */; };
		4DB90F1F2C2C038700B3977C /* ShippingHandler.swift in Sources */ = {isa = PBXBuildFile; fileRef = 4DB90F1E2C2C038700B3977C /* ShippingHandler.swift */; };
		4DB90F212C2C03C000B3977C /* SetupOrderHandlers.swift in Sources */ = {isa = PBXBuildFile; fileRef = 4DB90F202C2C03C000B3977C /* SetupOrderHandlers.swift */; };
		4DB90F282C2C199C00B3977C /* ResizeHandler.swift in Sources */ = {isa = PBXBuildFile; fileRef = 4DB90F272C2C199C00B3977C /* ResizeHandler.swift */; };
		4DB90F2A2C2C19FA00B3977C /* ApplyFilterHandler.swift in Sources */ = {isa = PBXBuildFile; fileRef = 4DB90F292C2C19FA00B3977C /* ApplyFilterHandler.swift */; };
		4DB90F2C2C2C1A1500B3977C /* WatermarkHandler.swift in Sources */ = {isa = PBXBuildFile; fileRef = 4DB90F2B2C2C1A1500B3977C /* WatermarkHandler.swift */; };
		4DB90F2F2C2C22CA00B3977C /* MarkPhotoView.swift in Sources */ = {isa = PBXBuildFile; fileRef = 4DB90F2E2C2C22CA00B3977C /* MarkPhotoView.swift */; };
		4DB90F312C2C233D00B3977C /* ImagePicker.swift in Sources */ = {isa = PBXBuildFile; fileRef = 4DB90F302C2C233D00B3977C /* ImagePicker.swift */; };
		4DB90F332C2C23E100B3977C /* ImageProcessingSetup.swift in Sources */ = {isa = PBXBuildFile; fileRef = 4DB90F322C2C23E100B3977C /* ImageProcessingSetup.swift */; };
		4DB90F352C2C3B9400B3977C /* ProcessingError.swift in Sources */ = {isa = PBXBuildFile; fileRef = 4DB90F342C2C3B9400B3977C /* ProcessingError.swift */; };
		4DC352532C171F9B0091A96E /* AppointmentModel.swift in Sources */ = {isa = PBXBuildFile; fileRef = 4DC352522C171F9B0091A96E /* AppointmentModel.swift */; };
		4DC352552C1720690091A96E /* AppointmentsService.swift in Sources */ = {isa = PBXBuildFile; fileRef = 4DC352542C1720690091A96E /* AppointmentsService.swift */; };
		4DC352592C17223D0091A96E /* AppointmentsView.swift in Sources */ = {isa = PBXBuildFile; fileRef = 4DC352582C17223D0091A96E /* AppointmentsView.swift */; };
		4DC3525D2C1727E10091A96E /* Date+.swift in Sources */ = {isa = PBXBuildFile; fileRef = 4DC3525C2C1727E10091A96E /* Date+.swift */; };
		4DC3525F2C1729BA0091A96E /* String+.swift in Sources */ = {isa = PBXBuildFile; fileRef = 4DC3525E2C1729BA0091A96E /* String+.swift */; };
		4DEB7FA72C1313850055C12C /* Hobby.swift in Sources */ = {isa = PBXBuildFile; fileRef = 4DEB7FA62C1313850055C12C /* Hobby.swift */; };
		4DEB7FA92C1316650055C12C /* Figure.swift in Sources */ = {isa = PBXBuildFile; fileRef = 4DEB7FA82C1316650055C12C /* Figure.swift */; };
		4DEB7FAD2C1332A30055C12C /* UserModel.swift in Sources */ = {isa = PBXBuildFile; fileRef = 4DEB7FAC2C1332A30055C12C /* UserModel.swift */; };
		4DEB7FB22C133F750055C12C /* episodes.json in Resources */ = {isa = PBXBuildFile; fileRef = 4DEB7FB12C133F750055C12C /* episodes.json */; };
		4DEB7FB42C133F7D0055C12C /* characterDetail.json in Resources */ = {isa = PBXBuildFile; fileRef = 4DEB7FB32C133F7D0055C12C /* characterDetail.json */; };
		4DEB7FB62C1340480055C12C /* UserService.swift in Sources */ = {isa = PBXBuildFile; fileRef = 4DEB7FB52C1340480055C12C /* UserService.swift */; };
		4DEB7FB82C1340CE0055C12C /* BookingEndpoint.swift in Sources */ = {isa = PBXBuildFile; fileRef = 4DEB7FB72C1340CE0055C12C /* BookingEndpoint.swift */; };
		4DEB7FBA2C1341E50055C12C /* ListUsersView.swift in Sources */ = {isa = PBXBuildFile; fileRef = 4DEB7FB92C1341E50055C12C /* ListUsersView.swift */; };
/* End PBXBuildFile section */

/* Begin PBXFileReference section */
		4D0E6DFD2C184AB000E1DA0B /* CoreNetworkService.swift */ = {isa = PBXFileReference; lastKnownFileType = sourcecode.swift; path = CoreNetworkService.swift; sourceTree = "<group>"; };
		4D0E6E002C18786D00E1DA0B /* CharacterDetailsViewState.swift */ = {isa = PBXFileReference; lastKnownFileType = sourcecode.swift; path = CharacterDetailsViewState.swift; sourceTree = "<group>"; };
		4D0E6E092C187E8600E1DA0B /* MockEpisodesService.swift */ = {isa = PBXFileReference; lastKnownFileType = sourcecode.swift; path = MockEpisodesService.swift; sourceTree = "<group>"; };
		4D0E6E0E2C187FD000E1DA0B /* episode.json */ = {isa = PBXFileReference; lastKnownFileType = text.json; path = episode.json; sourceTree = "<group>"; };
		4D2790602C2DA18A00408B29 /* Memento.swift */ = {isa = PBXFileReference; lastKnownFileType = sourcecode.swift; path = Memento.swift; sourceTree = "<group>"; };
		4D2790622C2DA1E100408B29 /* Originator.swift */ = {isa = PBXFileReference; lastKnownFileType = sourcecode.swift; path = Originator.swift; sourceTree = "<group>"; };
		4D2790642C2DA22200408B29 /* Caretaker.swift */ = {isa = PBXFileReference; lastKnownFileType = sourcecode.swift; path = Caretaker.swift; sourceTree = "<group>"; };
		4D2790662C2DA26600408B29 /* MementoPG.playground */ = {isa = PBXFileReference; lastKnownFileType = file.playground; path = MementoPG.playground; sourceTree = "<group>"; xcLanguageSpecificationIdentifier = xcode.lang.swift; };
		4D282C582C2DA7DD003A2EAB /* SearchView.swift */ = {isa = PBXFileReference; lastKnownFileType = sourcecode.swift; path = SearchView.swift; sourceTree = "<group>"; };
		4D3D1D982C11CE0D004A32E0 /* CardInfo.swift */ = {isa = PBXFileReference; lastKnownFileType = sourcecode.swift; path = CardInfo.swift; sourceTree = "<group>"; };
		4D3D1D9A2C11E2ED004A32E0 /* MockPaymentProcessor.swift */ = {isa = PBXFileReference; lastKnownFileType = sourcecode.swift; path = MockPaymentProcessor.swift; sourceTree = "<group>"; };
		4D44F5582C1970F60028103F /* CharacterListViewState.swift */ = {isa = PBXFileReference; lastKnownFileType = sourcecode.swift; path = CharacterListViewState.swift; sourceTree = "<group>"; };
		4D4D705D2C04720F00BE2A59 /* EpisodesView.swift */ = {isa = PBXFileReference; lastKnownFileType = sourcecode.swift; path = EpisodesView.swift; sourceTree = "<group>"; };
		4D4D705F2C04733F00BE2A59 /* Episode.swift */ = {isa = PBXFileReference; lastKnownFileType = sourcecode.swift; path = Episode.swift; sourceTree = "<group>"; };
		4D4D70622C04736B00BE2A59 /* Location.swift */ = {isa = PBXFileReference; lastKnownFileType = sourcecode.swift; path = Location.swift; sourceTree = "<group>"; };
		4D4D70642C04739600BE2A59 /* CharacterGender.swift */ = {isa = PBXFileReference; lastKnownFileType = sourcecode.swift; path = CharacterGender.swift; sourceTree = "<group>"; };
		4D4D70662C0473F600BE2A59 /* EpisodeService.swift */ = {isa = PBXFileReference; lastKnownFileType = sourcecode.swift; path = EpisodeService.swift; sourceTree = "<group>"; };
		4D4D70692C048E0800BE2A59 /* EpisodeHelper.swift */ = {isa = PBXFileReference; lastKnownFileType = sourcecode.swift; path = EpisodeHelper.swift; sourceTree = "<group>"; };
		4D4D706B2C048E8300BE2A59 /* HelperPlayground.playground */ = {isa = PBXFileReference; lastKnownFileType = file.playground; path = HelperPlayground.playground; sourceTree = "<group>"; xcLanguageSpecificationIdentifier = xcode.lang.swift; };
		4D4D706C2C04AF3B00BE2A59 /* AnimatedTextView.swift */ = {isa = PBXFileReference; lastKnownFileType = sourcecode.swift; path = AnimatedTextView.swift; sourceTree = "<group>"; };
		4D68482E2C1C4E5600378EE2 /* APIRequest.swift */ = {isa = PBXFileReference; lastKnownFileType = sourcecode.swift; path = APIRequest.swift; sourceTree = "<group>"; };
		4D6848302C1C523000378EE2 /* APIRequestBuilder.swift */ = {isa = PBXFileReference; lastKnownFileType = sourcecode.swift; path = APIRequestBuilder.swift; sourceTree = "<group>"; };
		4D6848342C1C5DFD00378EE2 /* HttpMethod.swift */ = {isa = PBXFileReference; lastKnownFileType = sourcecode.swift; path = HttpMethod.swift; sourceTree = "<group>"; };
		4D68483B2C1C609400378EE2 /* APIRequestBuilderImpl.swift */ = {isa = PBXFileReference; lastKnownFileType = sourcecode.swift; path = APIRequestBuilderImpl.swift; sourceTree = "<group>"; };
		4D68483E2C1C6F4F00378EE2 /* StoreEndpoint.swift */ = {isa = PBXFileReference; lastKnownFileType = sourcecode.swift; path = StoreEndpoint.swift; sourceTree = "<group>"; };
		4D6848412C1C718600378EE2 /* Product.swift */ = {isa = PBXFileReference; lastKnownFileType = sourcecode.swift; path = Product.swift; sourceTree = "<group>"; };
		4D6848432C1C71AF00378EE2 /* ProductService.swift */ = {isa = PBXFileReference; lastKnownFileType = sourcecode.swift; path = ProductService.swift; sourceTree = "<group>"; };
		4D6848462C1C78A200378EE2 /* StoreView.swift */ = {isa = PBXFileReference; lastKnownFileType = sourcecode.swift; path = StoreView.swift; sourceTree = "<group>"; };
		4D6C793A2BFF35D40059BE83 /* SubheadlineView.swift */ = {isa = PBXFileReference; lastKnownFileType = sourcecode.swift; path = SubheadlineView.swift; sourceTree = "<group>"; };
		4D6C793C2BFF36370059BE83 /* PlaygroundRowView.swift */ = {isa = PBXFileReference; lastKnownFileType = sourcecode.swift; path = PlaygroundRowView.swift; sourceTree = "<group>"; };
		4D6C793E2BFF43500059BE83 /* AnimatedClockView.swift */ = {isa = PBXFileReference; lastKnownFileType = sourcecode.swift; path = AnimatedClockView.swift; sourceTree = "<group>"; };
		4D6C79402BFF5C110059BE83 /* AnimationClockViewModel.swift */ = {isa = PBXFileReference; lastKnownFileType = sourcecode.swift; path = AnimationClockViewModel.swift; sourceTree = "<group>"; };
		4D6C79432C0065DF0059BE83 /* Color+.swift */ = {isa = PBXFileReference; lastKnownFileType = sourcecode.swift; path = "Color+.swift"; sourceTree = "<group>"; };
		4D6C79452C0066130059BE83 /* View+.swift */ = {isa = PBXFileReference; lastKnownFileType = sourcecode.swift; path = "View+.swift"; sourceTree = "<group>"; };
		4D6FE0F12C05B3F7005BC361 /* ExtraLargeCharacterDetailView.swift */ = {isa = PBXFileReference; lastKnownFileType = sourcecode.swift; path = ExtraLargeCharacterDetailView.swift; sourceTree = "<group>"; };
		4D6FE0F32C05B427005BC361 /* MediumCharacterDetailView.swift */ = {isa = PBXFileReference; lastKnownFileType = sourcecode.swift; path = MediumCharacterDetailView.swift; sourceTree = "<group>"; };
		4D6FE0F52C05B4ED005BC361 /* ProfileRowView.swift */ = {isa = PBXFileReference; lastKnownFileType = sourcecode.swift; path = ProfileRowView.swift; sourceTree = "<group>"; };
		4D6FE0F72C05B56E005BC361 /* ProfileTitleRowView.swift */ = {isa = PBXFileReference; lastKnownFileType = sourcecode.swift; path = ProfileTitleRowView.swift; sourceTree = "<group>"; };
		4D6FE0F92C05C0F0005BC361 /* ConstantSizeCategory.swift */ = {isa = PBXFileReference; lastKnownFileType = sourcecode.swift; path = ConstantSizeCategory.swift; sourceTree = "<group>"; };
		4D7057882C104158009E6A35 /* MockCharacterDetailService.swift */ = {isa = PBXFileReference; lastKnownFileType = sourcecode.swift; path = MockCharacterDetailService.swift; sourceTree = "<group>"; };
		4D70578D2C1043F5009E6A35 /* characters.json */ = {isa = PBXFileReference; lastKnownFileType = text.json; path = characters.json; sourceTree = "<group>"; };
		4D7057922C10605E009E6A35 /* MockDataProvider.swift */ = {isa = PBXFileReference; lastKnownFileType = sourcecode.swift; path = MockDataProvider.swift; sourceTree = "<group>"; };
		4D78B2062BFC747A00BD56B0 /* RefreshableContentView.swift */ = {isa = PBXFileReference; lastKnownFileType = sourcecode.swift; path = RefreshableContentView.swift; sourceTree = "<group>"; };
		4D78B2082BFC75AA00BD56B0 /* ShowMorelndicatorView.swift */ = {isa = PBXFileReference; lastKnownFileType = sourcecode.swift; path = ShowMorelndicatorView.swift; sourceTree = "<group>"; };
		4D78B20A2BFC7CB100BD56B0 /* LoadingAnimationView.swift */ = {isa = PBXFileReference; lastKnownFileType = sourcecode.swift; path = LoadingAnimationView.swift; sourceTree = "<group>"; };
		4D78B20C2BFC9BF500BD56B0 /* CharacterStatus.swift */ = {isa = PBXFileReference; lastKnownFileType = sourcecode.swift; path = CharacterStatus.swift; sourceTree = "<group>"; };
		4D78B20E2BFCB30600BD56B0 /* SearchTextfield.swift */ = {isa = PBXFileReference; lastKnownFileType = sourcecode.swift; path = SearchTextfield.swift; sourceTree = "<group>"; };
		4D7DA6352BFDD4AE007948BF /* TitlePlaygroundView.swift */ = {isa = PBXFileReference; lastKnownFileType = sourcecode.swift; path = TitlePlaygroundView.swift; sourceTree = "<group>"; };
		4D7DA6372BFDD4D2007948BF /* TitlePlaygroundViewModel.swift */ = {isa = PBXFileReference; lastKnownFileType = sourcecode.swift; path = TitlePlaygroundViewModel.swift; sourceTree = "<group>"; };
		4D7DA63A2BFDD506007948BF /* Person.swift */ = {isa = PBXFileReference; lastKnownFileType = sourcecode.swift; path = Person.swift; sourceTree = "<group>"; };
		4D7DA63C2BFDE232007948BF /* ApplicationManager.swift */ = {isa = PBXFileReference; lastKnownFileType = sourcecode.swift; path = ApplicationManager.swift; sourceTree = "<group>"; };
		4D7DA63E2BFDE2F6007948BF /* CharacterDetailView.swift */ = {isa = PBXFileReference; lastKnownFileType = sourcecode.swift; path = CharacterDetailView.swift; sourceTree = "<group>"; };
		4D7DA6442BFDE797007948BF /* CharacterDetailService.swift */ = {isa = PBXFileReference; lastKnownFileType = sourcecode.swift; path = CharacterDetailService.swift; sourceTree = "<group>"; };
		4D7DA6472BFE0035007948BF /* EnvironmentVales+.swift */ = {isa = PBXFileReference; lastKnownFileType = sourcecode.swift; path = "EnvironmentVales+.swift"; sourceTree = "<group>"; };
		4D802E782C073F7E00B3F919 /* CharacterFilterCriteria.swift */ = {isa = PBXFileReference; lastKnownFileType = sourcecode.swift; path = CharacterFilterCriteria.swift; sourceTree = "<group>"; };
		4D802E7B2C07436700B3F919 /* CharacterHelper.swift */ = {isa = PBXFileReference; lastKnownFileType = sourcecode.swift; path = CharacterHelper.swift; sourceTree = "<group>"; };
		4D8C57F52C2D362C00500036 /* ShippingModel.swift */ = {isa = PBXFileReference; lastKnownFileType = sourcecode.swift; path = ShippingModel.swift; sourceTree = "<group>"; };
		4D8C57FB2C2D382500500036 /* ConfirmHandler.swift */ = {isa = PBXFileReference; lastKnownFileType = sourcecode.swift; path = ConfirmHandler.swift; sourceTree = "<group>"; };
		4D8C57FD2C2D3C0900500036 /* ShoppingPG.playground */ = {isa = PBXFileReference; lastKnownFileType = file.playground; path = ShoppingPG.playground; sourceTree = "<group>"; xcLanguageSpecificationIdentifier = xcode.lang.swift; };
		4D90DDF02BFB460D004E40A2 /* Benchtime.app */ = {isa = PBXFileReference; explicitFileType = wrapper.application; includeInIndex = 0; path = Benchtime.app; sourceTree = BUILT_PRODUCTS_DIR; };
		4D90DDF32BFB460D004E40A2 /* BenchtimeApp.swift */ = {isa = PBXFileReference; lastKnownFileType = sourcecode.swift; path = BenchtimeApp.swift; sourceTree = "<group>"; };
		4D90DDF92BFB460F004E40A2 /* Assets.xcassets */ = {isa = PBXFileReference; lastKnownFileType = folder.assetcatalog; path = Assets.xcassets; sourceTree = "<group>"; };
		4D90DDFC2BFB460F004E40A2 /* Preview Assets.xcassets */ = {isa = PBXFileReference; lastKnownFileType = folder.assetcatalog; path = "Preview Assets.xcassets"; sourceTree = "<group>"; };
		4D90DE222BFB537A004E40A2 /* MainView.swift */ = {isa = PBXFileReference; lastKnownFileType = sourcecode.swift; path = MainView.swift; sourceTree = "<group>"; };
		4D90DE272BFB540B004E40A2 /* RickAndMortyEndpoints.swift */ = {isa = PBXFileReference; lastKnownFileType = sourcecode.swift; path = RickAndMortyEndpoints.swift; sourceTree = "<group>"; };
		4D90DE2A2BFB572F004E40A2 /* CharacterResponse.swift */ = {isa = PBXFileReference; lastKnownFileType = sourcecode.swift; path = CharacterResponse.swift; sourceTree = "<group>"; };
		4D90DE2C2BFB582A004E40A2 /* CharacterService.swift */ = {isa = PBXFileReference; lastKnownFileType = sourcecode.swift; path = CharacterService.swift; sourceTree = "<group>"; };
		4D90DE2E2BFB5D07004E40A2 /* CharacterListView.swift */ = {isa = PBXFileReference; lastKnownFileType = sourcecode.swift; path = CharacterListView.swift; sourceTree = "<group>"; };
		4D90DE302BFB5D17004E40A2 /* Debouncer.swift */ = {isa = PBXFileReference; lastKnownFileType = sourcecode.swift; path = Debouncer.swift; sourceTree = "<group>"; };
		4D90DE362BFB66DA004E40A2 /* Resolver+Services.swift */ = {isa = PBXFileReference; lastKnownFileType = sourcecode.swift; path = "Resolver+Services.swift"; sourceTree = "<group>"; };
		4D90DE392BFB6EFE004E40A2 /* RemoteImageView.swift */ = {isa = PBXFileReference; lastKnownFileType = sourcecode.swift; path = RemoteImageView.swift; sourceTree = "<group>"; };
		4D90DE3B2BFB7343004E40A2 /* HeaderView.swift */ = {isa = PBXFileReference; lastKnownFileType = sourcecode.swift; path = HeaderView.swift; sourceTree = "<group>"; };
		4D90DE3E2BFB7379004E40A2 /* ThemeStyle.swift */ = {isa = PBXFileReference; lastKnownFileType = sourcecode.swift; path = ThemeStyle.swift; sourceTree = "<group>"; };
		4D9AA8A32C2C4AC10035DC2E /* ImageProcessModel.swift */ = {isa = PBXFileReference; lastKnownFileType = sourcecode.swift; path = ImageProcessModel.swift; sourceTree = "<group>"; };
		4DA078E32C2D9451001D7F72 /* Command.swift */ = {isa = PBXFileReference; lastKnownFileType = sourcecode.swift; path = Command.swift; sourceTree = "<group>"; };
		4DA078E52C2D9481001D7F72 /* Portfolio.swift */ = {isa = PBXFileReference; lastKnownFileType = sourcecode.swift; path = Portfolio.swift; sourceTree = "<group>"; };
		4DA078E72C2D9497001D7F72 /* Stock.swift */ = {isa = PBXFileReference; lastKnownFileType = sourcecode.swift; path = Stock.swift; sourceTree = "<group>"; };
		4DA078E92C2D9523001D7F72 /* BuyStockCommand.swift */ = {isa = PBXFileReference; lastKnownFileType = sourcecode.swift; path = BuyStockCommand.swift; sourceTree = "<group>"; };
		4DA078EB2C2D957D001D7F72 /* SellStockCommand.swift */ = {isa = PBXFileReference; lastKnownFileType = sourcecode.swift; path = SellStockCommand.swift; sourceTree = "<group>"; };
		4DA078ED2C2D95A2001D7F72 /* CommandInvoker.swift */ = {isa = PBXFileReference; lastKnownFileType = sourcecode.swift; path = CommandInvoker.swift; sourceTree = "<group>"; };
		4DA078EF2C2D95CC001D7F72 /* CommandPG.playground */ = {isa = PBXFileReference; lastKnownFileType = file.playground; path = CommandPG.playground; sourceTree = "<group>"; xcLanguageSpecificationIdentifier = xcode.lang.swift; };
		4DB90EDB2C2950B700B3977C /* AddProductView.swift */ = {isa = PBXFileReference; lastKnownFileType = sourcecode.swift; path = AddProductView.swift; sourceTree = "<group>"; };
		4DB90EDD2C29579C00B3977C /* ProductViewState.swift */ = {isa = PBXFileReference; lastKnownFileType = sourcecode.swift; path = ProductViewState.swift; sourceTree = "<group>"; };
		4DB90EDF2C29593200B3977C /* SliderView.swift */ = {isa = PBXFileReference; lastKnownFileType = sourcecode.swift; path = SliderView.swift; sourceTree = "<group>"; };
		4DB90EE12C295A5600B3977C /* Constants.swift */ = {isa = PBXFileReference; lastKnownFileType = sourcecode.swift; path = Constants.swift; sourceTree = "<group>"; };
		4DB90EE32C295B6C00B3977C /* CustomButton.swift */ = {isa = PBXFileReference; lastKnownFileType = sourcecode.swift; path = CustomButton.swift; sourceTree = "<group>"; };
		4DB90EE52C29613300B3977C /* ProductRequest.swift */ = {isa = PBXFileReference; lastKnownFileType = sourcecode.swift; path = ProductRequest.swift; sourceTree = "<group>"; };
		4DB90EE92C296F8000B3977C /* UpdateProductsService.swift */ = {isa = PBXFileReference; lastKnownFileType = sourcecode.swift; path = UpdateProductsService.swift; sourceTree = "<group>"; };
		4DB90EEB2C29703600B3977C /* ProductResponse.swift */ = {isa = PBXFileReference; lastKnownFileType = sourcecode.swift; path = ProductResponse.swift; sourceTree = "<group>"; };
		4DB90EEE2C29AA0A00B3977C /* NumericTextFieldBuilder.swift */ = {isa = PBXFileReference; lastKnownFileType = sourcecode.swift; path = NumericTextFieldBuilder.swift; sourceTree = "<group>"; };
		4DB90EF02C29AA3300B3977C /* SecureTextFieldBuilder.swift */ = {isa = PBXFileReference; lastKnownFileType = sourcecode.swift; path = SecureTextFieldBuilder.swift; sourceTree = "<group>"; };
		4DB90EF22C29AA6600B3977C /* PlainTextFieldBuilder.swift */ = {isa = PBXFileReference; lastKnownFileType = sourcecode.swift; path = PlainTextFieldBuilder.swift; sourceTree = "<group>"; };
		4DB90EF62C29AABE00B3977C /* ImageButtonBuilder.swift */ = {isa = PBXFileReference; lastKnownFileType = sourcecode.swift; path = ImageButtonBuilder.swift; sourceTree = "<group>"; };
		4DB90EF82C29AAF300B3977C /* CustomButtonBuilder.swift */ = {isa = PBXFileReference; lastKnownFileType = sourcecode.swift; path = CustomButtonBuilder.swift; sourceTree = "<group>"; };
		4DB90EFB2C29AB8300B3977C /* FacetedBuilderView.swift */ = {isa = PBXFileReference; lastKnownFileType = sourcecode.swift; path = FacetedBuilderView.swift; sourceTree = "<group>"; };
		4DB90EFD2C2A9FB500B3977C /* PillField.swift */ = {isa = PBXFileReference; lastKnownFileType = sourcecode.swift; path = PillField.swift; sourceTree = "<group>"; };
		4DB90EFF2C2AA23B00B3977C /* PillFieldBuilder.swift */ = {isa = PBXFileReference; lastKnownFileType = sourcecode.swift; path = PillFieldBuilder.swift; sourceTree = "<group>"; };
		4DB90F012C2AA2A700B3977C /* PillFieldType.swift */ = {isa = PBXFileReference; lastKnownFileType = sourcecode.swift; path = PillFieldType.swift; sourceTree = "<group>"; };
		4DB90F042C2AA37900B3977C /* Route.swift */ = {isa = PBXFileReference; lastKnownFileType = sourcecode.swift; path = Route.swift; sourceTree = "<group>"; };
		4DB90F072C2AA97900B3977C /* ValidatingPillField.swift */ = {isa = PBXFileReference; lastKnownFileType = sourcecode.swift; path = ValidatingPillField.swift; sourceTree = "<group>"; };
		4DB90F092C2AAAD300B3977C /* RegexValidator+.swift */ = {isa = PBXFileReference; lastKnownFileType = sourcecode.swift; path = "RegexValidator+.swift"; sourceTree = "<group>"; };
		4DB90F0B2C2AD29500B3977C /* BenchTimePlay.playground */ = {isa = PBXFileReference; lastKnownFileType = file.playground; path = BenchTimePlay.playground; sourceTree = "<group>"; xcLanguageSpecificationIdentifier = xcode.lang.swift; };
		4DB90F0C2C2ADC5400B3977C /* ValidatingPillFieldBuilder.swift */ = {isa = PBXFileReference; lastKnownFileType = sourcecode.swift; path = ValidatingPillFieldBuilder.swift; sourceTree = "<group>"; };
		4DB90F0E2C2ADE0900B3977C /* SubmissionValidatedPillField.swift */ = {isa = PBXFileReference; lastKnownFileType = sourcecode.swift; path = SubmissionValidatedPillField.swift; sourceTree = "<group>"; };
		4DB90F112C2ADE7400B3977C /* FieldValidator.swift */ = {isa = PBXFileReference; lastKnownFileType = sourcecode.swift; path = FieldValidator.swift; sourceTree = "<group>"; };
		4DB90F162C2C027F00B3977C /* OrderModel.swift */ = {isa = PBXFileReference; lastKnownFileType = sourcecode.swift; path = OrderModel.swift; sourceTree = "<group>"; };
		4DB90F182C2C02E700B3977C /* CheckInventoryHandler.swift */ = {isa = PBXFileReference; lastKnownFileType = sourcecode.swift; path = CheckInventoryHandler.swift; sourceTree = "<group>"; };
		4DB90F1A2C2C02FA00B3977C /* HandlerProtocol.swift */ = {isa = PBXFileReference; lastKnownFileType = sourcecode.swift; path = HandlerProtocol.swift; sourceTree = "<group>"; };
		4DB90F1C2C2C035A00B3977C /* PaymentHandler.swift */ = {isa = PBXFileReference; lastKnownFileType = sourcecode.swift; path = PaymentHandler.swift; sourceTree = "<group>"; };
		4DB90F1E2C2C038700B3977C /* ShippingHandler.swift */ = {isa = PBXFileReference; lastKnownFileType = sourcecode.swift; path = ShippingHandler.swift; sourceTree = "<group>"; };
		4DB90F202C2C03C000B3977C /* SetupOrderHandlers.swift */ = {isa = PBXFileReference; lastKnownFileType = sourcecode.swift; path = SetupOrderHandlers.swift; sourceTree = "<group>"; };
		4DB90F272C2C199C00B3977C /* ResizeHandler.swift */ = {isa = PBXFileReference; lastKnownFileType = sourcecode.swift; path = ResizeHandler.swift; sourceTree = "<group>"; };
		4DB90F292C2C19FA00B3977C /* ApplyFilterHandler.swift */ = {isa = PBXFileReference; lastKnownFileType = sourcecode.swift; path = ApplyFilterHandler.swift; sourceTree = "<group>"; };
		4DB90F2B2C2C1A1500B3977C /* WatermarkHandler.swift */ = {isa = PBXFileReference; lastKnownFileType = sourcecode.swift; path = WatermarkHandler.swift; sourceTree = "<group>"; };
		4DB90F2E2C2C22CA00B3977C /* MarkPhotoView.swift */ = {isa = PBXFileReference; lastKnownFileType = sourcecode.swift; path = MarkPhotoView.swift; sourceTree = "<group>"; };
		4DB90F302C2C233D00B3977C /* ImagePicker.swift */ = {isa = PBXFileReference; lastKnownFileType = sourcecode.swift; path = ImagePicker.swift; sourceTree = "<group>"; };
		4DB90F322C2C23E100B3977C /* ImageProcessingSetup.swift */ = {isa = PBXFileReference; lastKnownFileType = sourcecode.swift; path = ImageProcessingSetup.swift; sourceTree = "<group>"; };
		4DB90F342C2C3B9400B3977C /* ProcessingError.swift */ = {isa = PBXFileReference; lastKnownFileType = sourcecode.swift; path = ProcessingError.swift; sourceTree = "<group>"; };
		4DC352522C171F9B0091A96E /* AppointmentModel.swift */ = {isa = PBXFileReference; lastKnownFileType = sourcecode.swift; path = AppointmentModel.swift; sourceTree = "<group>"; };
		4DC352542C1720690091A96E /* AppointmentsService.swift */ = {isa = PBXFileReference; lastKnownFileType = sourcecode.swift; path = AppointmentsService.swift; sourceTree = "<group>"; };
		4DC352582C17223D0091A96E /* AppointmentsView.swift */ = {isa = PBXFileReference; lastKnownFileType = sourcecode.swift; path = AppointmentsView.swift; sourceTree = "<group>"; };
		4DC3525C2C1727E10091A96E /* Date+.swift */ = {isa = PBXFileReference; lastKnownFileType = sourcecode.swift; path = "Date+.swift"; sourceTree = "<group>"; };
		4DC3525E2C1729BA0091A96E /* String+.swift */ = {isa = PBXFileReference; lastKnownFileType = sourcecode.swift; path = "String+.swift"; sourceTree = "<group>"; };
		4DEB7FA62C1313850055C12C /* Hobby.swift */ = {isa = PBXFileReference; lastKnownFileType = sourcecode.swift; path = Hobby.swift; sourceTree = "<group>"; };
		4DEB7FA82C1316650055C12C /* Figure.swift */ = {isa = PBXFileReference; lastKnownFileType = sourcecode.swift; path = Figure.swift; sourceTree = "<group>"; };
		4DEB7FAC2C1332A30055C12C /* UserModel.swift */ = {isa = PBXFileReference; lastKnownFileType = sourcecode.swift; path = UserModel.swift; sourceTree = "<group>"; };
		4DEB7FB12C133F750055C12C /* episodes.json */ = {isa = PBXFileReference; fileEncoding = 4; lastKnownFileType = text.json; path = episodes.json; sourceTree = "<group>"; };
		4DEB7FB32C133F7D0055C12C /* characterDetail.json */ = {isa = PBXFileReference; fileEncoding = 4; lastKnownFileType = text.json; path = characterDetail.json; sourceTree = "<group>"; };
		4DEB7FB52C1340480055C12C /* UserService.swift */ = {isa = PBXFileReference; lastKnownFileType = sourcecode.swift; path = UserService.swift; sourceTree = "<group>"; };
		4DEB7FB72C1340CE0055C12C /* BookingEndpoint.swift */ = {isa = PBXFileReference; lastKnownFileType = sourcecode.swift; path = BookingEndpoint.swift; sourceTree = "<group>"; };
		4DEB7FB92C1341E50055C12C /* ListUsersView.swift */ = {isa = PBXFileReference; lastKnownFileType = sourcecode.swift; path = ListUsersView.swift; sourceTree = "<group>"; };
/* End PBXFileReference section */

/* Begin PBXFrameworksBuildPhase section */
		4D90DDED2BFB460D004E40A2 /* Frameworks */ = {
			isa = PBXFrameworksBuildPhase;
			buildActionMask = 2147483647;
			files = (
				4D90DE342BFB5E7F004E40A2 /* Resolver in Frameworks */,
			);
			runOnlyForDeploymentPostprocessing = 0;
		};
/* End PBXFrameworksBuildPhase section */

/* Begin PBXGroup section */
		4D0E6DE22C18476B00E1DA0B /* Network */ = {
			isa = PBXGroup;
			children = (
				4D6848362C1C601A00378EE2 /* APIRequests */,
				4D90DE262BFB53CD004E40A2 /* Services */,
				4D4D70612C04734F00BE2A59 /* Models */,
				4D0E6DFD2C184AB000E1DA0B /* CoreNetworkService.swift */,
				4D6848342C1C5DFD00378EE2 /* HttpMethod.swift */,
			);
			path = Network;
			sourceTree = "<group>";
		};
		4D0E6E052C187CAE00E1DA0B /* CharacterList */ = {
			isa = PBXGroup;
			children = (
				4D802E7A2C07435300B3F919 /* Helpers */,
				4D802E782C073F7E00B3F919 /* CharacterFilterCriteria.swift */,
				4D90DE2E2BFB5D07004E40A2 /* CharacterListView.swift */,
				4D44F5582C1970F60028103F /* CharacterListViewState.swift */,
			);
			path = CharacterList;
			sourceTree = "<group>";
		};
		4D0E6E062C187CC500E1DA0B /* CharacterDetail */ = {
			isa = PBXGroup;
			children = (
				4D0E6E002C18786D00E1DA0B /* CharacterDetailsViewState.swift */,
				4D6FE0F02C05B3C0005BC361 /* AccessibilityViews */,
				4D7DA63E2BFDE2F6007948BF /* CharacterDetailView.swift */,
			);
			path = CharacterDetail;
			sourceTree = "<group>";
		};
		4D0E6E072C187CEC00E1DA0B /* AnimatedClock */ = {
			isa = PBXGroup;
			children = (
				4D6C793E2BFF43500059BE83 /* AnimatedClockView.swift */,
				4D6C79402BFF5C110059BE83 /* AnimationClockViewModel.swift */,
			);
			path = AnimatedClock;
			sourceTree = "<group>";
		};
		4D0E6E082C187CFC00E1DA0B /* PlaygroundView */ = {
			isa = PBXGroup;
			children = (
				4D7DA6352BFDD4AE007948BF /* TitlePlaygroundView.swift */,
				4D7DA6372BFDD4D2007948BF /* TitlePlaygroundViewModel.swift */,
			);
			path = PlaygroundView;
			sourceTree = "<group>";
		};
		4D27905F2C2DA10F00408B29 /* Memento */ = {
			isa = PBXGroup;
			children = (
				4D2790602C2DA18A00408B29 /* Memento.swift */,
				4D2790622C2DA1E100408B29 /* Originator.swift */,
				4D2790642C2DA22200408B29 /* Caretaker.swift */,
				4D2790662C2DA26600408B29 /* MementoPG.playground */,
			);
			path = Memento;
			sourceTree = "<group>";
		};
		4D282C572C2DA602003A2EAB /* MementoSearchView */ = {
			isa = PBXGroup;
			children = (
				4D282C582C2DA7DD003A2EAB /* SearchView.swift */,
			);
			path = MementoSearchView;
			sourceTree = "<group>";
		};
		4D4D70612C04734F00BE2A59 /* Models */ = {
			isa = PBXGroup;
			children = (
				4D6848402C1C717A00378EE2 /* Store */,
				4DEB7FAB2C13328D0055C12C /* Booking */,
				4DEB7FAA2C13327E0055C12C /* RickAndMorty */,
			);
			path = Models;
			sourceTree = "<group>";
		};
		4D6848362C1C601A00378EE2 /* APIRequests */ = {
			isa = PBXGroup;
			children = (
				4D68482E2C1C4E5600378EE2 /* APIRequest.swift */,
				4D6848302C1C523000378EE2 /* APIRequestBuilder.swift */,
				4D68483B2C1C609400378EE2 /* APIRequestBuilderImpl.swift */,
			);
			path = APIRequests;
			sourceTree = "<group>";
		};
		4D68483D2C1C6F3200378EE2 /* Store */ = {
			isa = PBXGroup;
			children = (
				4D68483E2C1C6F4F00378EE2 /* StoreEndpoint.swift */,
				4D6848432C1C71AF00378EE2 /* ProductService.swift */,
				4DB90EE92C296F8000B3977C /* UpdateProductsService.swift */,
			);
			path = Store;
			sourceTree = "<group>";
		};
		4D6848402C1C717A00378EE2 /* Store */ = {
			isa = PBXGroup;
			children = (
				4D6848412C1C718600378EE2 /* Product.swift */,
				4DB90EE52C29613300B3977C /* ProductRequest.swift */,
				4DB90EEB2C29703600B3977C /* ProductResponse.swift */,
			);
			path = Store;
			sourceTree = "<group>";
		};
		4D6848452C1C788A00378EE2 /* StoreViews */ = {
			isa = PBXGroup;
			children = (
				4D6848462C1C78A200378EE2 /* StoreView.swift */,
				4DB90EDB2C2950B700B3977C /* AddProductView.swift */,
				4DB90EDD2C29579C00B3977C /* ProductViewState.swift */,
			);
			path = StoreViews;
			sourceTree = "<group>";
		};
		4D6C79422C0065C70059BE83 /* Extensions */ = {
			isa = PBXGroup;
			children = (
				4D6C79432C0065DF0059BE83 /* Color+.swift */,
				4D6C79452C0066130059BE83 /* View+.swift */,
				4DC3525C2C1727E10091A96E /* Date+.swift */,
				4DC3525E2C1729BA0091A96E /* String+.swift */,
				4DB90F092C2AAAD300B3977C /* RegexValidator+.swift */,
			);
			path = Extensions;
			sourceTree = "<group>";
		};
		4D6FE0F02C05B3C0005BC361 /* AccessibilityViews */ = {
			isa = PBXGroup;
			children = (
				4D4D705D2C04720F00BE2A59 /* EpisodesView.swift */,
				4D6FE0F52C05B4ED005BC361 /* ProfileRowView.swift */,
				4D6FE0F72C05B56E005BC361 /* ProfileTitleRowView.swift */,
				4D6FE0F12C05B3F7005BC361 /* ExtraLargeCharacterDetailView.swift */,
				4D6FE0F32C05B427005BC361 /* MediumCharacterDetailView.swift */,
				4D6FE0F92C05C0F0005BC361 /* ConstantSizeCategory.swift */,
			);
			path = AccessibilityViews;
			sourceTree = "<group>";
		};
		4D7057872C104138009E6A35 /* Stub */ = {
			isa = PBXGroup;
			children = (
				4D7057882C104158009E6A35 /* MockCharacterDetailService.swift */,
				4D0E6E092C187E8600E1DA0B /* MockEpisodesService.swift */,
			);
			path = Stub;
			sourceTree = "<group>";
		};
		4D70578C2C1043F0009E6A35 /* TestDoubles */ = {
			isa = PBXGroup;
			children = (
				4D0E6E0E2C187FD000E1DA0B /* episode.json */,
				4D70578D2C1043F5009E6A35 /* characters.json */,
				4DEB7FB32C133F7D0055C12C /* characterDetail.json */,
				4DEB7FB12C133F750055C12C /* episodes.json */,
				4D7057872C104138009E6A35 /* Stub */,
				4D7DA6392BFDD4FA007948BF /* Models */,
				4D3D1D9A2C11E2ED004A32E0 /* MockPaymentProcessor.swift */,
			);
			path = TestDoubles;
			sourceTree = "<group>";
		};
		4D7DA6392BFDD4FA007948BF /* Models */ = {
			isa = PBXGroup;
			children = (
				4D7DA63A2BFDD506007948BF /* Person.swift */,
				4D3D1D982C11CE0D004A32E0 /* CardInfo.swift */,
			);
			path = Models;
			sourceTree = "<group>";
		};
		4D7DA6462BFDE7CD007948BF /* AppConfig */ = {
			isa = PBXGroup;
			children = (
				4D90DE362BFB66DA004E40A2 /* Resolver+Services.swift */,
				4D7DA6472BFE0035007948BF /* EnvironmentVales+.swift */,
				4D7DA63C2BFDE232007948BF /* ApplicationManager.swift */,
			);
			path = AppConfig;
			sourceTree = "<group>";
		};
		4D802E7A2C07435300B3F919 /* Helpers */ = {
			isa = PBXGroup;
			children = (
				4D4D706B2C048E8300BE2A59 /* HelperPlayground.playground */,
				4D4D70692C048E0800BE2A59 /* EpisodeHelper.swift */,
				4D802E7B2C07436700B3F919 /* CharacterHelper.swift */,
				4D7057922C10605E009E6A35 /* MockDataProvider.swift */,
			);
			path = Helpers;
			sourceTree = "<group>";
		};
		4D90DDE72BFB460D004E40A2 = {
			isa = PBXGroup;
			children = (
				4D90DDF22BFB460D004E40A2 /* Benchtime */,
				4D90DDF12BFB460D004E40A2 /* Products */,
			);
			sourceTree = "<group>";
		};
		4D90DDF12BFB460D004E40A2 /* Products */ = {
			isa = PBXGroup;
			children = (
				4D90DDF02BFB460D004E40A2 /* Benchtime.app */,
			);
			name = Products;
			sourceTree = "<group>";
		};
		4D90DDF22BFB460D004E40A2 /* Benchtime */ = {
			isa = PBXGroup;
			children = (
				4D90DE302BFB5D17004E40A2 /* Debouncer.swift */,
				4DA078E22C2D91A9001D7F72 /* DesignPatterns */,
				4D7DA6462BFDE7CD007948BF /* AppConfig */,
				4D90DE382BFB6EE1004E40A2 /* ComponentViews */,
				4DB90F032C2AA2C300B3977C /* CommonEnums */,
				4D0E6DE22C18476B00E1DA0B /* Network */,
				4D70578C2C1043F0009E6A35 /* TestDoubles */,
				4D6C79422C0065C70059BE83 /* Extensions */,
				4D90DE242BFB5380004E40A2 /* Views */,
				4D90DDF32BFB460D004E40A2 /* BenchtimeApp.swift */,
				4D90DDF92BFB460F004E40A2 /* Assets.xcassets */,
				4D90DDFB2BFB460F004E40A2 /* Preview Content */,
			);
			path = Benchtime;
			sourceTree = "<group>";
		};
		4D90DDFB2BFB460F004E40A2 /* Preview Content */ = {
			isa = PBXGroup;
			children = (
				4D90DDFC2BFB460F004E40A2 /* Preview Assets.xcassets */,
			);
			path = "Preview Content";
			sourceTree = "<group>";
		};
		4D90DE242BFB5380004E40A2 /* Views */ = {
			isa = PBXGroup;
			children = (
				4D90DE222BFB537A004E40A2 /* MainView.swift */,
				4D6848452C1C788A00378EE2 /* StoreViews */,
				4DC352512C1711A10091A96E /* BookingViews */,
				4DC352502C17118F0091A96E /* DebugViews */,
				4DC3524F2C17116F0091A96E /* RickAndMortyViews */,
			);
			path = Views;
			sourceTree = "<group>";
		};
		4D90DE262BFB53CD004E40A2 /* Services */ = {
			isa = PBXGroup;
			children = (
				4D68483D2C1C6F3200378EE2 /* Store */,
				4DEB7FB02C133E820055C12C /* Booking */,
				4DEB7FAF2C133E650055C12C /* RickAndMorty */,
			);
			path = Services;
			sourceTree = "<group>";
		};
		4D90DE382BFB6EE1004E40A2 /* ComponentViews */ = {
			isa = PBXGroup;
			children = (
				4DB90F102C2ADE1000B3977C /* Pillfields */,
				4D90DE392BFB6EFE004E40A2 /* RemoteImageView.swift */,
				4D90DE3B2BFB7343004E40A2 /* HeaderView.swift */,
				4D78B2062BFC747A00BD56B0 /* RefreshableContentView.swift */,
				4D78B2082BFC75AA00BD56B0 /* ShowMorelndicatorView.swift */,
				4D78B20A2BFC7CB100BD56B0 /* LoadingAnimationView.swift */,
				4D78B20E2BFCB30600BD56B0 /* SearchTextfield.swift */,
				4D6C793A2BFF35D40059BE83 /* SubheadlineView.swift */,
				4D6C793C2BFF36370059BE83 /* PlaygroundRowView.swift */,
				4D4D706C2C04AF3B00BE2A59 /* AnimatedTextView.swift */,
				4DB90EDF2C29593200B3977C /* SliderView.swift */,
				4DB90EE32C295B6C00B3977C /* CustomButton.swift */,
				4DB90F0B2C2AD29500B3977C /* BenchTimePlay.playground */,
				4DB90F302C2C233D00B3977C /* ImagePicker.swift */,
			);
			path = ComponentViews;
			sourceTree = "<group>";
		};
		4DA078E12C2D9194001D7F72 /* Command */ = {
			isa = PBXGroup;
			children = (
				4DA078E32C2D9451001D7F72 /* Command.swift */,
				4DA078E52C2D9481001D7F72 /* Portfolio.swift */,
				4DA078E72C2D9497001D7F72 /* Stock.swift */,
				4DA078E92C2D9523001D7F72 /* BuyStockCommand.swift */,
				4DA078EB2C2D957D001D7F72 /* SellStockCommand.swift */,
				4DA078ED2C2D95A2001D7F72 /* CommandInvoker.swift */,
				4DA078EF2C2D95CC001D7F72 /* CommandPG.playground */,
			);
			path = Command;
			sourceTree = "<group>";
		};
		4DA078E22C2D91A9001D7F72 /* DesignPatterns */ = {
			isa = PBXGroup;
			children = (
				4D27905F2C2DA10F00408B29 /* Memento */,
				4DB90EED2C29A9EC00B3977C /* FacetedBuilders */,
				4DB90F132C2C011B00B3977C /* ChainOfResponsibility */,
				4DA078E12C2D9194001D7F72 /* Command */,
			);
			path = DesignPatterns;
			sourceTree = "<group>";
		};
		4DB90EED2C29A9EC00B3977C /* FacetedBuilders */ = {
			isa = PBXGroup;
			children = (
				4DB90F062C2AA95300B3977C /* PillFieldBuilders */,
				4DB90EF52C29AA9A00B3977C /* ButtonBuilders */,
				4DB90EF42C29AA8D00B3977C /* TextFieldBuilders */,
			);
			path = FacetedBuilders;
			sourceTree = "<group>";
		};
		4DB90EF42C29AA8D00B3977C /* TextFieldBuilders */ = {
			isa = PBXGroup;
			children = (
				4DB90EF22C29AA6600B3977C /* PlainTextFieldBuilder.swift */,
				4DB90EF02C29AA3300B3977C /* SecureTextFieldBuilder.swift */,
				4DB90EEE2C29AA0A00B3977C /* NumericTextFieldBuilder.swift */,
			);
			path = TextFieldBuilders;
			sourceTree = "<group>";
		};
		4DB90EF52C29AA9A00B3977C /* ButtonBuilders */ = {
			isa = PBXGroup;
			children = (
				4DB90EF62C29AABE00B3977C /* ImageButtonBuilder.swift */,
				4DB90EF82C29AAF300B3977C /* CustomButtonBuilder.swift */,
			);
			path = ButtonBuilders;
			sourceTree = "<group>";
		};
		4DB90EFA2C29AB6200B3977C /* FacetedBuilderPatternView */ = {
			isa = PBXGroup;
			children = (
				4DB90EFB2C29AB8300B3977C /* FacetedBuilderView.swift */,
			);
			path = FacetedBuilderPatternView;
			sourceTree = "<group>";
		};
		4DB90F032C2AA2C300B3977C /* CommonEnums */ = {
			isa = PBXGroup;
			children = (
				4DB90EE12C295A5600B3977C /* Constants.swift */,
				4D90DE3E2BFB7379004E40A2 /* ThemeStyle.swift */,
				4DB90F012C2AA2A700B3977C /* PillFieldType.swift */,
				4DB90F042C2AA37900B3977C /* Route.swift */,
			);
			path = CommonEnums;
			sourceTree = "<group>";
		};
		4DB90F062C2AA95300B3977C /* PillFieldBuilders */ = {
			isa = PBXGroup;
			children = (
				4DB90EFF2C2AA23B00B3977C /* PillFieldBuilder.swift */,
				4DB90F0C2C2ADC5400B3977C /* ValidatingPillFieldBuilder.swift */,
			);
			path = PillFieldBuilders;
			sourceTree = "<group>";
		};
		4DB90F102C2ADE1000B3977C /* Pillfields */ = {
			isa = PBXGroup;
			children = (
				4DB90F072C2AA97900B3977C /* ValidatingPillField.swift */,
				4DB90EFD2C2A9FB500B3977C /* PillField.swift */,
				4DB90F0E2C2ADE0900B3977C /* SubmissionValidatedPillField.swift */,
				4DB90F112C2ADE7400B3977C /* FieldValidator.swift */,
			);
			path = Pillfields;
			sourceTree = "<group>";
		};
		4DB90F132C2C011B00B3977C /* ChainOfResponsibility */ = {
			isa = PBXGroup;
			children = (
				4DB90F1A2C2C02FA00B3977C /* HandlerProtocol.swift */,
				4DB90F152C2C026B00B3977C /* ImageProcessing */,
				4DB90F142C2C026300B3977C /* Shopping */,
			);
			path = ChainOfResponsibility;
			sourceTree = "<group>";
		};
		4DB90F142C2C026300B3977C /* Shopping */ = {
			isa = PBXGroup;
			children = (
				4DB90F162C2C027F00B3977C /* OrderModel.swift */,
				4D8C57F52C2D362C00500036 /* ShippingModel.swift */,
				4DB90F182C2C02E700B3977C /* CheckInventoryHandler.swift */,
				4DB90F1C2C2C035A00B3977C /* PaymentHandler.swift */,
				4DB90F1E2C2C038700B3977C /* ShippingHandler.swift */,
				4D8C57FB2C2D382500500036 /* ConfirmHandler.swift */,
				4DB90F202C2C03C000B3977C /* SetupOrderHandlers.swift */,
				4D8C57FD2C2D3C0900500036 /* ShoppingPG.playground */,
			);
			path = Shopping;
			sourceTree = "<group>";
		};
		4DB90F152C2C026B00B3977C /* ImageProcessing */ = {
			isa = PBXGroup;
			children = (
				4D9AA8A32C2C4AC10035DC2E /* ImageProcessModel.swift */,
				4DB90F272C2C199C00B3977C /* ResizeHandler.swift */,
				4DB90F292C2C19FA00B3977C /* ApplyFilterHandler.swift */,
				4DB90F2B2C2C1A1500B3977C /* WatermarkHandler.swift */,
				4DB90F322C2C23E100B3977C /* ImageProcessingSetup.swift */,
				4DB90F342C2C3B9400B3977C /* ProcessingError.swift */,
			);
			path = ImageProcessing;
			sourceTree = "<group>";
		};
		4DB90F2D2C2C22A800B3977C /* ChainOfResponsibilityView */ = {
			isa = PBXGroup;
			children = (
				4DB90F2E2C2C22CA00B3977C /* MarkPhotoView.swift */,
			);
			path = ChainOfResponsibilityView;
			sourceTree = "<group>";
		};
		4DC3524F2C17116F0091A96E /* RickAndMortyViews */ = {
			isa = PBXGroup;
			children = (
				4D0E6E062C187CC500E1DA0B /* CharacterDetail */,
				4D0E6E052C187CAE00E1DA0B /* CharacterList */,
			);
			path = RickAndMortyViews;
			sourceTree = "<group>";
		};
		4DC352502C17118F0091A96E /* DebugViews */ = {
			isa = PBXGroup;
			children = (
				4D282C572C2DA602003A2EAB /* MementoSearchView */,
				4DB90F2D2C2C22A800B3977C /* ChainOfResponsibilityView */,
				4DB90EFA2C29AB6200B3977C /* FacetedBuilderPatternView */,
				4D0E6E082C187CFC00E1DA0B /* PlaygroundView */,
				4D0E6E072C187CEC00E1DA0B /* AnimatedClock */,
			);
			path = DebugViews;
			sourceTree = "<group>";
		};
		4DC352512C1711A10091A96E /* BookingViews */ = {
			isa = PBXGroup;
			children = (
				4DEB7FB92C1341E50055C12C /* ListUsersView.swift */,
				4DC352582C17223D0091A96E /* AppointmentsView.swift */,
			);
			path = BookingViews;
			sourceTree = "<group>";
		};
		4DEB7FAA2C13327E0055C12C /* RickAndMorty */ = {
			isa = PBXGroup;
			children = (
				4D4D70642C04739600BE2A59 /* CharacterGender.swift */,
				4D78B20C2BFC9BF500BD56B0 /* CharacterStatus.swift */,
				4D90DE2A2BFB572F004E40A2 /* CharacterResponse.swift */,
				4D4D705F2C04733F00BE2A59 /* Episode.swift */,
				4D4D70622C04736B00BE2A59 /* Location.swift */,
				4DEB7FA62C1313850055C12C /* Hobby.swift */,
				4DEB7FA82C1316650055C12C /* Figure.swift */,
			);
			path = RickAndMorty;
			sourceTree = "<group>";
		};
		4DEB7FAB2C13328D0055C12C /* Booking */ = {
			isa = PBXGroup;
			children = (
				4DEB7FAC2C1332A30055C12C /* UserModel.swift */,
				4DC352522C171F9B0091A96E /* AppointmentModel.swift */,
			);
			path = Booking;
			sourceTree = "<group>";
		};
		4DEB7FAF2C133E650055C12C /* RickAndMorty */ = {
			isa = PBXGroup;
			children = (
				4D90DE272BFB540B004E40A2 /* RickAndMortyEndpoints.swift */,
				4D4D70662C0473F600BE2A59 /* EpisodeService.swift */,
				4D90DE2C2BFB582A004E40A2 /* CharacterService.swift */,
				4D7DA6442BFDE797007948BF /* CharacterDetailService.swift */,
			);
			path = RickAndMorty;
			sourceTree = "<group>";
		};
		4DEB7FB02C133E820055C12C /* Booking */ = {
			isa = PBXGroup;
			children = (
				4DEB7FB72C1340CE0055C12C /* BookingEndpoint.swift */,
				4DEB7FB52C1340480055C12C /* UserService.swift */,
				4DC352542C1720690091A96E /* AppointmentsService.swift */,
			);
			path = Booking;
			sourceTree = "<group>";
		};
/* End PBXGroup section */

/* Begin PBXNativeTarget section */
		4D90DDEF2BFB460D004E40A2 /* Benchtime */ = {
			isa = PBXNativeTarget;
			buildConfigurationList = 4D90DE162BFB4612004E40A2 /* Build configuration list for PBXNativeTarget "Benchtime" */;
			buildPhases = (
				4D90DDEC2BFB460D004E40A2 /* Sources */,
				4D90DDED2BFB460D004E40A2 /* Frameworks */,
				4D90DDEE2BFB460D004E40A2 /* Resources */,
			);
			buildRules = (
			);
			dependencies = (
			);
			name = Benchtime;
			packageProductDependencies = (
				4D90DE332BFB5E7F004E40A2 /* Resolver */,
			);
			productName = Benchtime;
			productReference = 4D90DDF02BFB460D004E40A2 /* Benchtime.app */;
			productType = "com.apple.product-type.application";
		};
/* End PBXNativeTarget section */

/* Begin PBXProject section */
		4D90DDE82BFB460D004E40A2 /* Project object */ = {
			isa = PBXProject;
			attributes = {
				BuildIndependentTargetsInParallel = 1;
				LastSwiftUpdateCheck = 1530;
				LastUpgradeCheck = 1530;
				TargetAttributes = {
					4D90DDEF2BFB460D004E40A2 = {
						CreatedOnToolsVersion = 15.3;
					};
				};
			};
			buildConfigurationList = 4D90DDEB2BFB460D004E40A2 /* Build configuration list for PBXProject "Benchtime" */;
			compatibilityVersion = "Xcode 14.0";
			developmentRegion = en;
			hasScannedForEncodings = 0;
			knownRegions = (
				en,
				Base,
			);
			mainGroup = 4D90DDE72BFB460D004E40A2;
			packageReferences = (
				4D90DE322BFB5E7F004E40A2 /* XCRemoteSwiftPackageReference "Resolver" */,
			);
			productRefGroup = 4D90DDF12BFB460D004E40A2 /* Products */;
			projectDirPath = "";
			projectRoot = "";
			targets = (
				4D90DDEF2BFB460D004E40A2 /* Benchtime */,
			);
		};
/* End PBXProject section */

/* Begin PBXResourcesBuildPhase section */
		4D90DDEE2BFB460D004E40A2 /* Resources */ = {
			isa = PBXResourcesBuildPhase;
			buildActionMask = 2147483647;
			files = (
				4DEB7FB42C133F7D0055C12C /* characterDetail.json in Resources */,
				4DEB7FB22C133F750055C12C /* episodes.json in Resources */,
				4D90DDFD2BFB460F004E40A2 /* Preview Assets.xcassets in Resources */,
				4D0E6E0F2C187FD000E1DA0B /* episode.json in Resources */,
				4D90DDFA2BFB460F004E40A2 /* Assets.xcassets in Resources */,
			);
			runOnlyForDeploymentPostprocessing = 0;
		};
/* End PBXResourcesBuildPhase section */

/* Begin PBXSourcesBuildPhase section */
		4D90DDEC2BFB460D004E40A2 /* Sources */ = {
			isa = PBXSourcesBuildPhase;
			buildActionMask = 2147483647;
			files = (
				4D90DE3F2BFB7379004E40A2 /* ThemeStyle.swift in Sources */,
				4DB90F332C2C23E100B3977C /* ImageProcessingSetup.swift in Sources */,
				4DB90EE62C29613300B3977C /* ProductRequest.swift in Sources */,
				4DA078E62C2D9481001D7F72 /* Portfolio.swift in Sources */,
				4DB90F192C2C02E700B3977C /* CheckInventoryHandler.swift in Sources */,
				4DB90F2C2C2C1A1500B3977C /* WatermarkHandler.swift in Sources */,
				4D4D70632C04736B00BE2A59 /* Location.swift in Sources */,
				4D6C79412BFF5C110059BE83 /* AnimationClockViewModel.swift in Sources */,
				4D4D70672C0473F600BE2A59 /* EpisodeService.swift in Sources */,
				4D6848352C1C5DFD00378EE2 /* HttpMethod.swift in Sources */,
				4DA078E82C2D9497001D7F72 /* Stock.swift in Sources */,
				4DB90F1B2C2C02FA00B3977C /* HandlerProtocol.swift in Sources */,
				4D6848422C1C718600378EE2 /* Product.swift in Sources */,
				4DA078EA2C2D9523001D7F72 /* BuyStockCommand.swift in Sources */,
				4D6C79462C0066130059BE83 /* View+.swift in Sources */,
				4DEB7FB82C1340CE0055C12C /* BookingEndpoint.swift in Sources */,
				4D78B2092BFC75AA00BD56B0 /* ShowMorelndicatorView.swift in Sources */,
				4DB90F312C2C233D00B3977C /* ImagePicker.swift in Sources */,
				4DEB7FBA2C1341E50055C12C /* ListUsersView.swift in Sources */,
				4DB90EF72C29AABE00B3977C /* ImageButtonBuilder.swift in Sources */,
				4D7DA63D2BFDE232007948BF /* ApplicationManager.swift in Sources */,
				4DB90F052C2AA37900B3977C /* Route.swift in Sources */,
				4DC352592C17223D0091A96E /* AppointmentsView.swift in Sources */,
				4D7DA63F2BFDE2F6007948BF /* CharacterDetailView.swift in Sources */,
				4DB90EEA2C296F8000B3977C /* UpdateProductsService.swift in Sources */,
				4D90DE312BFB5D18004E40A2 /* Debouncer.swift in Sources */,
				4DB90EDE2C29579C00B3977C /* ProductViewState.swift in Sources */,
				4D90DE2B2BFB572F004E40A2 /* CharacterResponse.swift in Sources */,
				4DB90F082C2AA97900B3977C /* ValidatingPillField.swift in Sources */,
				4DB90EEF2C29AA0A00B3977C /* NumericTextFieldBuilder.swift in Sources */,
				4D44F5592C1970F60028103F /* CharacterListViewState.swift in Sources */,
				4DB90F212C2C03C000B3977C /* SetupOrderHandlers.swift in Sources */,
				4D4D705E2C04720F00BE2A59 /* EpisodesView.swift in Sources */,
				4D7057892C104158009E6A35 /* MockCharacterDetailService.swift in Sources */,
				4D90DE2F2BFB5D07004E40A2 /* CharacterListView.swift in Sources */,
				4D6FE0F82C05B56E005BC361 /* ProfileTitleRowView.swift in Sources */,
				4D90DE2D2BFB582A004E40A2 /* CharacterService.swift in Sources */,
				4D6C793D2BFF36370059BE83 /* PlaygroundRowView.swift in Sources */,
				4DC352532C171F9B0091A96E /* AppointmentModel.swift in Sources */,
				4D6C79442C0065DF0059BE83 /* Color+.swift in Sources */,
				4DB90EFC2C29AB8300B3977C /* FacetedBuilderView.swift in Sources */,
				4DB90F2A2C2C19FA00B3977C /* ApplyFilterHandler.swift in Sources */,
				4D4D70652C04739600BE2A59 /* CharacterGender.swift in Sources */,
				4D90DE3A2BFB6EFE004E40A2 /* RemoteImageView.swift in Sources */,
				4D90DE232BFB537A004E40A2 /* MainView.swift in Sources */,
				4D2790632C2DA1E100408B29 /* Originator.swift in Sources */,
				4D78B2072BFC747A00BD56B0 /* RefreshableContentView.swift in Sources */,
				4DB90F022C2AA2A700B3977C /* PillFieldType.swift in Sources */,
				4DB90EE42C295B6C00B3977C /* CustomButton.swift in Sources */,
				4D90DE3C2BFB7343004E40A2 /* HeaderView.swift in Sources */,
				4DB90EFE2C2A9FB500B3977C /* PillField.swift in Sources */,
				4D0E6E012C18786D00E1DA0B /* CharacterDetailsViewState.swift in Sources */,
				4DC3525D2C1727E10091A96E /* Date+.swift in Sources */,
				4D4D70602C04733F00BE2A59 /* Episode.swift in Sources */,
				4DEB7FA92C1316650055C12C /* Figure.swift in Sources */,
				4D90DE372BFB66DA004E40A2 /* Resolver+Services.swift in Sources */,
				4DB90EE22C295A5600B3977C /* Constants.swift in Sources */,
				4DA078E42C2D9451001D7F72 /* Command.swift in Sources */,
				4D2790652C2DA22200408B29 /* Caretaker.swift in Sources */,
				4D2790612C2DA18A00408B29 /* Memento.swift in Sources */,
				4DB90F002C2AA23B00B3977C /* PillFieldBuilder.swift in Sources */,
				4D282C592C2DA7DD003A2EAB /* SearchView.swift in Sources */,
				4D7DA6362BFDD4AE007948BF /* TitlePlaygroundView.swift in Sources */,
				4D6C793F2BFF43500059BE83 /* AnimatedClockView.swift in Sources */,
				4D68483C2C1C609400378EE2 /* APIRequestBuilderImpl.swift in Sources */,
				4DA078EE2C2D95A2001D7F72 /* CommandInvoker.swift in Sources */,
				4D6C793B2BFF35D40059BE83 /* SubheadlineView.swift in Sources */,
				4DA078EC2C2D957D001D7F72 /* SellStockCommand.swift in Sources */,
				4D90DDF42BFB460D004E40A2 /* BenchtimeApp.swift in Sources */,
				4D802E792C073F7E00B3F919 /* CharacterFilterCriteria.swift in Sources */,
				4D0E6E0A2C187E8600E1DA0B /* MockEpisodesService.swift in Sources */,
				4D7DA6452BFDE797007948BF /* CharacterDetailService.swift in Sources */,
				4D7057932C10605E009E6A35 /* MockDataProvider.swift in Sources */,
				4D0E6DFE2C184AB000E1DA0B /* CoreNetworkService.swift in Sources */,
				4DB90F122C2ADE7400B3977C /* FieldValidator.swift in Sources */,
				4DEB7FB62C1340480055C12C /* UserService.swift in Sources */,
				4D4D706D2C04AF3B00BE2A59 /* AnimatedTextView.swift in Sources */,
				4DB90EDC2C2950B700B3977C /* AddProductView.swift in Sources */,
				4DB90F0F2C2ADE0900B3977C /* SubmissionValidatedPillField.swift in Sources */,
				4DB90F172C2C027F00B3977C /* OrderModel.swift in Sources */,
				4DB90F282C2C199C00B3977C /* ResizeHandler.swift in Sources */,
				4D68482F2C1C4E5600378EE2 /* APIRequest.swift in Sources */,
				4D4D706A2C048E0800BE2A59 /* EpisodeHelper.swift in Sources */,
				4D68483F2C1C6F4F00378EE2 /* StoreEndpoint.swift in Sources */,
				4D78B20D2BFC9BF500BD56B0 /* CharacterStatus.swift in Sources */,
				4D7DA63B2BFDD506007948BF /* Person.swift in Sources */,
				4D6FE0F42C05B427005BC361 /* MediumCharacterDetailView.swift in Sources */,
				4DB90F0A2C2AAAD300B3977C /* RegexValidator+.swift in Sources */,
				4DC3525F2C1729BA0091A96E /* String+.swift in Sources */,
				4DB90EE02C29593200B3977C /* SliderView.swift in Sources */,
				4DB90EEC2C29703600B3977C /* ProductResponse.swift in Sources */,
				4D78B20B2BFC7CB100BD56B0 /* LoadingAnimationView.swift in Sources */,
				4D90DE282BFB540B004E40A2 /* RickAndMortyEndpoints.swift in Sources */,
				4D802E7C2C07436700B3F919 /* CharacterHelper.swift in Sources */,
				4D6848442C1C71AF00378EE2 /* ProductService.swift in Sources */,
				4DB90F352C2C3B9400B3977C /* ProcessingError.swift in Sources */,
				4D8C57FC2C2D382500500036 /* ConfirmHandler.swift in Sources */,
				4DEB7FAD2C1332A30055C12C /* UserModel.swift in Sources */,
				4D6FE0F62C05B4ED005BC361 /* ProfileRowView.swift in Sources */,
				4DB90EF32C29AA6600B3977C /* PlainTextFieldBuilder.swift in Sources */,
				4D7DA6482BFE0035007948BF /* EnvironmentVales+.swift in Sources */,
				4DC352552C1720690091A96E /* AppointmentsService.swift in Sources */,
				4D78B20F2BFCB30600BD56B0 /* SearchTextfield.swift in Sources */,
				4D9AA8A42C2C4AC10035DC2E /* ImageProcessModel.swift in Sources */,
				4D6FE0F22C05B3F7005BC361 /* ExtraLargeCharacterDetailView.swift in Sources */,
				4DB90F1F2C2C038700B3977C /* ShippingHandler.swift in Sources */,
				4DB90EF92C29AAF300B3977C /* CustomButtonBuilder.swift in Sources */,
				4DB90F0D2C2ADC5400B3977C /* ValidatingPillFieldBuilder.swift in Sources */,
				4DEB7FA72C1313850055C12C /* Hobby.swift in Sources */,
				4D6FE0FA2C05C0F0005BC361 /* ConstantSizeCategory.swift in Sources */,
				4D8C57F62C2D362C00500036 /* ShippingModel.swift in Sources */,
				4D6848312C1C523000378EE2 /* APIRequestBuilder.swift in Sources */,
				4D3D1D9B2C11E2ED004A32E0 /* MockPaymentProcessor.swift in Sources */,
				4DB90F1D2C2C035A00B3977C /* PaymentHandler.swift in Sources */,
				4D7DA6382BFDD4D2007948BF /* TitlePlaygroundViewModel.swift in Sources */,
				4D6848472C1C78A200378EE2 /* StoreView.swift in Sources */,
				4DB90EF12C29AA3300B3977C /* SecureTextFieldBuilder.swift in Sources */,
				4D3D1D992C11CE0D004A32E0 /* CardInfo.swift in Sources */,
				4DB90F2F2C2C22CA00B3977C /* MarkPhotoView.swift in Sources */,
			);
			runOnlyForDeploymentPostprocessing = 0;
		};
/* End PBXSourcesBuildPhase section */

/* Begin XCBuildConfiguration section */
		4D90DE142BFB4612004E40A2 /* Debug */ = {
			isa = XCBuildConfiguration;
			buildSettings = {
				ALWAYS_SEARCH_USER_PATHS = NO;
				ASSETCATALOG_COMPILER_GENERATE_SWIFT_ASSET_SYMBOL_EXTENSIONS = YES;
				CLANG_ANALYZER_NONNULL = YES;
				CLANG_ANALYZER_NUMBER_OBJECT_CONVERSION = YES_AGGRESSIVE;
				CLANG_CXX_LANGUAGE_STANDARD = "gnu++20";
				CLANG_ENABLE_MODULES = YES;
				CLANG_ENABLE_OBJC_ARC = YES;
				CLANG_ENABLE_OBJC_WEAK = YES;
				CLANG_WARN_BLOCK_CAPTURE_AUTORELEASING = YES;
				CLANG_WARN_BOOL_CONVERSION = YES;
				CLANG_WARN_COMMA = YES;
				CLANG_WARN_CONSTANT_CONVERSION = YES;
				CLANG_WARN_DEPRECATED_OBJC_IMPLEMENTATIONS = YES;
				CLANG_WARN_DIRECT_OBJC_ISA_USAGE = YES_ERROR;
				CLANG_WARN_DOCUMENTATION_COMMENTS = YES;
				CLANG_WARN_EMPTY_BODY = YES;
				CLANG_WARN_ENUM_CONVERSION = YES;
				CLANG_WARN_INFINITE_RECURSION = YES;
				CLANG_WARN_INT_CONVERSION = YES;
				CLANG_WARN_NON_LITERAL_NULL_CONVERSION = YES;
				CLANG_WARN_OBJC_IMPLICIT_RETAIN_SELF = YES;
				CLANG_WARN_OBJC_LITERAL_CONVERSION = YES;
				CLANG_WARN_OBJC_ROOT_CLASS = YES_ERROR;
				CLANG_WARN_QUOTED_INCLUDE_IN_FRAMEWORK_HEADER = YES;
				CLANG_WARN_RANGE_LOOP_ANALYSIS = YES;
				CLANG_WARN_STRICT_PROTOTYPES = YES;
				CLANG_WARN_SUSPICIOUS_MOVE = YES;
				CLANG_WARN_UNGUARDED_AVAILABILITY = YES_AGGRESSIVE;
				CLANG_WARN_UNREACHABLE_CODE = YES;
				CLANG_WARN__DUPLICATE_METHOD_MATCH = YES;
				COPY_PHASE_STRIP = NO;
				DEBUG_INFORMATION_FORMAT = dwarf;
				ENABLE_STRICT_OBJC_MSGSEND = YES;
				ENABLE_TESTABILITY = YES;
				ENABLE_USER_SCRIPT_SANDBOXING = YES;
				GCC_C_LANGUAGE_STANDARD = gnu17;
				GCC_DYNAMIC_NO_PIC = NO;
				GCC_NO_COMMON_BLOCKS = YES;
				GCC_OPTIMIZATION_LEVEL = 0;
				GCC_PREPROCESSOR_DEFINITIONS = (
					"DEBUG=1",
					"$(inherited)",
				);
				GCC_WARN_64_TO_32_BIT_CONVERSION = YES;
				GCC_WARN_ABOUT_RETURN_TYPE = YES_ERROR;
				GCC_WARN_UNDECLARED_SELECTOR = YES;
				GCC_WARN_UNINITIALIZED_AUTOS = YES_AGGRESSIVE;
				GCC_WARN_UNUSED_FUNCTION = YES;
				GCC_WARN_UNUSED_VARIABLE = YES;
				IPHONEOS_DEPLOYMENT_TARGET = 17.4;
				LOCALIZATION_PREFERS_STRING_CATALOGS = YES;
				MTL_ENABLE_DEBUG_INFO = INCLUDE_SOURCE;
				MTL_FAST_MATH = YES;
				ONLY_ACTIVE_ARCH = YES;
				SDKROOT = iphoneos;
				SWIFT_ACTIVE_COMPILATION_CONDITIONS = "DEBUG $(inherited)";
				SWIFT_OPTIMIZATION_LEVEL = "-Onone";
			};
			name = Debug;
		};
		4D90DE152BFB4612004E40A2 /* Release */ = {
			isa = XCBuildConfiguration;
			buildSettings = {
				ALWAYS_SEARCH_USER_PATHS = NO;
				ASSETCATALOG_COMPILER_GENERATE_SWIFT_ASSET_SYMBOL_EXTENSIONS = YES;
				CLANG_ANALYZER_NONNULL = YES;
				CLANG_ANALYZER_NUMBER_OBJECT_CONVERSION = YES_AGGRESSIVE;
				CLANG_CXX_LANGUAGE_STANDARD = "gnu++20";
				CLANG_ENABLE_MODULES = YES;
				CLANG_ENABLE_OBJC_ARC = YES;
				CLANG_ENABLE_OBJC_WEAK = YES;
				CLANG_WARN_BLOCK_CAPTURE_AUTORELEASING = YES;
				CLANG_WARN_BOOL_CONVERSION = YES;
				CLANG_WARN_COMMA = YES;
				CLANG_WARN_CONSTANT_CONVERSION = YES;
				CLANG_WARN_DEPRECATED_OBJC_IMPLEMENTATIONS = YES;
				CLANG_WARN_DIRECT_OBJC_ISA_USAGE = YES_ERROR;
				CLANG_WARN_DOCUMENTATION_COMMENTS = YES;
				CLANG_WARN_EMPTY_BODY = YES;
				CLANG_WARN_ENUM_CONVERSION = YES;
				CLANG_WARN_INFINITE_RECURSION = YES;
				CLANG_WARN_INT_CONVERSION = YES;
				CLANG_WARN_NON_LITERAL_NULL_CONVERSION = YES;
				CLANG_WARN_OBJC_IMPLICIT_RETAIN_SELF = YES;
				CLANG_WARN_OBJC_LITERAL_CONVERSION = YES;
				CLANG_WARN_OBJC_ROOT_CLASS = YES_ERROR;
				CLANG_WARN_QUOTED_INCLUDE_IN_FRAMEWORK_HEADER = YES;
				CLANG_WARN_RANGE_LOOP_ANALYSIS = YES;
				CLANG_WARN_STRICT_PROTOTYPES = YES;
				CLANG_WARN_SUSPICIOUS_MOVE = YES;
				CLANG_WARN_UNGUARDED_AVAILABILITY = YES_AGGRESSIVE;
				CLANG_WARN_UNREACHABLE_CODE = YES;
				CLANG_WARN__DUPLICATE_METHOD_MATCH = YES;
				COPY_PHASE_STRIP = NO;
				DEBUG_INFORMATION_FORMAT = "dwarf-with-dsym";
				ENABLE_NS_ASSERTIONS = NO;
				ENABLE_STRICT_OBJC_MSGSEND = YES;
				ENABLE_USER_SCRIPT_SANDBOXING = YES;
				GCC_C_LANGUAGE_STANDARD = gnu17;
				GCC_NO_COMMON_BLOCKS = YES;
				GCC_WARN_64_TO_32_BIT_CONVERSION = YES;
				GCC_WARN_ABOUT_RETURN_TYPE = YES_ERROR;
				GCC_WARN_UNDECLARED_SELECTOR = YES;
				GCC_WARN_UNINITIALIZED_AUTOS = YES_AGGRESSIVE;
				GCC_WARN_UNUSED_FUNCTION = YES;
				GCC_WARN_UNUSED_VARIABLE = YES;
				IPHONEOS_DEPLOYMENT_TARGET = 17.4;
				LOCALIZATION_PREFERS_STRING_CATALOGS = YES;
				MTL_ENABLE_DEBUG_INFO = NO;
				MTL_FAST_MATH = YES;
				SDKROOT = iphoneos;
				SWIFT_COMPILATION_MODE = wholemodule;
				VALIDATE_PRODUCT = YES;
			};
			name = Release;
		};
		4D90DE172BFB4612004E40A2 /* Debug */ = {
			isa = XCBuildConfiguration;
			buildSettings = {
				ASSETCATALOG_COMPILER_APPICON_NAME = AppIcon;
				ASSETCATALOG_COMPILER_GLOBAL_ACCENT_COLOR_NAME = AccentColor;
				CODE_SIGN_STYLE = Automatic;
				CURRENT_PROJECT_VERSION = 1;
				DEVELOPMENT_ASSET_PATHS = "\"Benchtime/Preview Content\"";
				DEVELOPMENT_TEAM = ET37P8CM79;
				ENABLE_PREVIEWS = YES;
				GENERATE_INFOPLIST_FILE = YES;
				INFOPLIST_KEY_UIApplicationSceneManifest_Generation = YES;
				INFOPLIST_KEY_UIApplicationSupportsIndirectInputEvents = YES;
				INFOPLIST_KEY_UILaunchScreen_Generation = YES;
				INFOPLIST_KEY_UISupportedInterfaceOrientations_iPad = "UIInterfaceOrientationPortrait UIInterfaceOrientationPortraitUpsideDown UIInterfaceOrientationLandscapeLeft UIInterfaceOrientationLandscapeRight";
				INFOPLIST_KEY_UISupportedInterfaceOrientations_iPhone = "UIInterfaceOrientationPortrait UIInterfaceOrientationLandscapeLeft UIInterfaceOrientationLandscapeRight";
				LD_RUNPATH_SEARCH_PATHS = (
					"$(inherited)",
					"@executable_path/Frameworks",
				);
				MARKETING_VERSION = 1.0;
				PRODUCT_BUNDLE_IDENTIFIER = com.iremtosun.Benchtime;
				PRODUCT_NAME = "$(TARGET_NAME)";
				SWIFT_EMIT_LOC_STRINGS = YES;
				SWIFT_VERSION = 5.0;
				TARGETED_DEVICE_FAMILY = "1,2";
			};
			name = Debug;
		};
		4D90DE182BFB4612004E40A2 /* Release */ = {
			isa = XCBuildConfiguration;
			buildSettings = {
				ASSETCATALOG_COMPILER_APPICON_NAME = AppIcon;
				ASSETCATALOG_COMPILER_GLOBAL_ACCENT_COLOR_NAME = AccentColor;
				CODE_SIGN_STYLE = Automatic;
				CURRENT_PROJECT_VERSION = 1;
				DEVELOPMENT_ASSET_PATHS = "\"Benchtime/Preview Content\"";
				DEVELOPMENT_TEAM = ET37P8CM79;
				ENABLE_PREVIEWS = YES;
				GENERATE_INFOPLIST_FILE = YES;
				INFOPLIST_KEY_UIApplicationSceneManifest_Generation = YES;
				INFOPLIST_KEY_UIApplicationSupportsIndirectInputEvents = YES;
				INFOPLIST_KEY_UILaunchScreen_Generation = YES;
				INFOPLIST_KEY_UISupportedInterfaceOrientations_iPad = "UIInterfaceOrientationPortrait UIInterfaceOrientationPortraitUpsideDown UIInterfaceOrientationLandscapeLeft UIInterfaceOrientationLandscapeRight";
				INFOPLIST_KEY_UISupportedInterfaceOrientations_iPhone = "UIInterfaceOrientationPortrait UIInterfaceOrientationLandscapeLeft UIInterfaceOrientationLandscapeRight";
				LD_RUNPATH_SEARCH_PATHS = (
					"$(inherited)",
					"@executable_path/Frameworks",
				);
				MARKETING_VERSION = 1.0;
				PRODUCT_BUNDLE_IDENTIFIER = com.iremtosun.Benchtime;
				PRODUCT_NAME = "$(TARGET_NAME)";
				SWIFT_EMIT_LOC_STRINGS = YES;
				SWIFT_VERSION = 5.0;
				TARGETED_DEVICE_FAMILY = "1,2";
			};
			name = Release;
		};
/* End XCBuildConfiguration section */

/* Begin XCConfigurationList section */
		4D90DDEB2BFB460D004E40A2 /* Build configuration list for PBXProject "Benchtime" */ = {
			isa = XCConfigurationList;
			buildConfigurations = (
				4D90DE142BFB4612004E40A2 /* Debug */,
				4D90DE152BFB4612004E40A2 /* Release */,
			);
			defaultConfigurationIsVisible = 0;
			defaultConfigurationName = Release;
		};
		4D90DE162BFB4612004E40A2 /* Build configuration list for PBXNativeTarget "Benchtime" */ = {
			isa = XCConfigurationList;
			buildConfigurations = (
				4D90DE172BFB4612004E40A2 /* Debug */,
				4D90DE182BFB4612004E40A2 /* Release */,
			);
			defaultConfigurationIsVisible = 0;
			defaultConfigurationName = Release;
		};
/* End XCConfigurationList section */

/* Begin XCRemoteSwiftPackageReference section */
		4D90DE322BFB5E7F004E40A2 /* XCRemoteSwiftPackageReference "Resolver" */ = {
			isa = XCRemoteSwiftPackageReference;
			repositoryURL = "https://github.com/hmlongco/Resolver";
			requirement = {
				kind = upToNextMajorVersion;
				minimumVersion = 1.5.1;
			};
		};
/* End XCRemoteSwiftPackageReference section */

/* Begin XCSwiftPackageProductDependency section */
		4D90DE332BFB5E7F004E40A2 /* Resolver */ = {
			isa = XCSwiftPackageProductDependency;
			package = 4D90DE322BFB5E7F004E40A2 /* XCRemoteSwiftPackageReference "Resolver" */;
			productName = Resolver;
		};
/* End XCSwiftPackageProductDependency section */
	};
	rootObject = 4D90DDE82BFB460D004E40A2 /* Project object */;
}
