{
  "originHash" : "82a256209f5e7f60d401a28ef5c6924c628147092f9a0822c857082949632754",
  "pins" : [
    {
      "identity" : "network",
      "kind" : "remoteSourceControl",
      "location" : "https://github.com/iremgureltosun/Network",
      "state" : {
        "revision" : "2429b033a59a13ff05a62f3fec65409c5dd408f2",
        "version" : "1.0.0"
      }
    },
    {
      "identity" : "resolver",
      "kind" : "remoteSourceControl",
      "location" : "https://github.com/hmlongco/Resolver",
      "state" : {
        "revision" : "47602af1ac8d7952299fbd0bda3cfbd12cf3a8ca",
        "version" : "1.5.1"
      }
    }
  ],
  "version" : 3
}
